{
	"requires": true,
	"lockfileVersion": 1,
	"dependencies": {
		"@bolt/settings-font-size": {
			"version": "0.5.0",
			"resolved": "https://registry.npmjs.org/@bolt/settings-font-size/-/settings-font-size-0.5.0.tgz",
			"integrity": "sha512-Fr3eYuAqt6pyRlt2lIh2x7rs6ipCCbI8HFbSgxeiGiP9Kk/bYoeI/l/g+Pga2X6Wi4E5lbJUbzqBUiz9lHJL/Q=="
		},
		"@bolt/tools-sassy-maps": {
			"version": "0.2.0",
			"resolved": "https://registry.npmjs.org/@bolt/tools-sassy-maps/-/tools-sassy-maps-0.2.0.tgz",
			"integrity": "sha512-WrigUJ4r5L69AJV9pEF9QIo3tY2M/AeEQaB7cK4Nl9kM7R+cu35qP6ZrnbkV7Hkcb3WqBFRQkvIdxzf9f4t6TQ==",
			"requires": {
				"sassy-maps": "github:at-import/Sassy-Maps#36008c57759562654caf938a93c874a9dbdd9d5e"
			}
		},
		"sassy-maps": {
			"version": "github:at-import/Sassy-Maps#36008c57759562654caf938a93c874a9dbdd9d5e"
		}
	}
}
