{
    "_readme": [
        "This file locks the dependencies of your project to a known state",
        "Read more about it at https://getcomposer.org/doc/01-basic-usage.md#installing-dependencies",
        "This file is @generated automatically"
    ],
    "content-hash": "d1c96889249e755be362afbf157914ce",
    "packages": [
        {
            "name": "drupal/core-render",
            "version": "8.8.4",
            "source": {
                "type": "git",
                "url": "https://github.com/drupal/core-render.git",
                "reference": "d20b0afe9ca3ca768c6e828442e4cdebbb2cfeec"
            },
            "dist": {
                "type": "zip",
                "url": "https://api.github.com/repos/drupal/core-render/zipball/d20b0afe9ca3ca768c6e828442e4cdebbb2cfeec",
                "reference": "d20b0afe9ca3ca768c6e828442e4cdebbb2cfeec",
                "shasum": ""
            },
            "require": {
                "drupal/core-utility": "^8.8",
                "php": ">=7.0.8"
            },
            "type": "library",
            "autoload": {
                "psr-4": {
                    "Drupal\\Component\\Render\\": ""
                }
            },
            "notification-url": "https://packagist.org/downloads/",
            "license": [
                "GPL-2.0-or-later"
            ],
            "description": "Renders placeholder variables for HTML and plain-text display.",
            "homepage": "https://www.drupal.org/project/drupal",
            "keywords": [
                "drupal"
            ],
            "time": "2019-10-10T19:45:32+00:00"
        },
        {
            "name": "drupal/core-utility",
            "version": "8.8.4",
            "source": {
                "type": "git",
                "url": "https://github.com/drupal/core-utility.git",
                "reference": "6807795c25836ccdb3f50d4396c4427705b7b6ad"
            },
            "dist": {
                "type": "zip",
                "url": "https://api.github.com/repos/drupal/core-utility/zipball/6807795c25836ccdb3f50d4396c4427705b7b6ad",
                "reference": "6807795c25836ccdb3f50d4396c4427705b7b6ad",
                "shasum": ""
            },
            "require": {
                "drupal/core-render": "^8.8",
                "php": ">=7.0.8"
            },
            "type": "library",
            "autoload": {
                "psr-4": {
                    "Drupal\\Component\\Utility\\": ""
                }
            },
            "notification-url": "https://packagist.org/downloads/",
            "license": [
                "GPL-2.0-or-later"
            ],
            "description": "Mostly static utility classes for string, xss, array, image, and other commonly needed manipulations.",
            "homepage": "https://www.drupal.org/project/drupal",
            "keywords": [
                "drupal"
            ],
            "time": "2020-03-13T22:36:46+00:00"
        }
    ],
    "packages-dev": [],
    "aliases": [],
    "minimum-stability": "stable",
    "stability-flags": [],
    "prefer-stable": false,
    "prefer-lowest": false,
    "platform": [],
    "platform-dev": []
}
