{
	"name": "@bolt/components-critical-fonts",
	"version": "0.4.0-alpha.1ad5601e",
	"lockfileVersion": 1,
	"requires": true,
	"dependencies": {
		"fontfaceobserver": {
			"version": "2.0.13",
			"resolved": "https://registry.npmjs.org/fontfaceobserver/-/fontfaceobserver-2.0.13.tgz",
			"integrity": "sha1-R627NDJh7amMtE2yFSGW/xJNMiE="
		}
	}
}
