{
	"requires": true,
	"lockfileVersion": 1,
	"dependencies": {
		"@bolt/components-font-loader": {
			"version": "0.2.1",
			"resolved": "https://registry.npmjs.org/@bolt/components-font-loader/-/components-font-loader-0.2.1.tgz",
			"integrity": "sha512-klwX+H9fl4ZQ4Qn4FH6CrlMnQONZ9vrDBATil736shJL5LeOAZ5pwsukN5aynmD6V3xsD2H50AkdbW1Kcyi1zw==",
			"requires": {
				"fontfaceobserver": "2.0.13"
			},
			"dependencies": {
				"fontfaceobserver": {
					"version": "2.0.13",
					"resolved": "https://registry.npmjs.org/fontfaceobserver/-/fontfaceobserver-2.0.13.tgz",
					"integrity": "sha1-R627NDJh7amMtE2yFSGW/xJNMiE="
				}
			}
		}
	}
}
