{
	"requires": true,
	"lockfileVersion": 1,
	"dependencies": {
		"@bolt/setting-module-manager": {
			"version": "0.1.0",
			"resolved": "https://registry.npmjs.org/@bolt/setting-module-manager/-/setting-module-manager-0.1.0.tgz",
			"integrity": "sha512-mKl3sU4x6VvWR1Ct69MuGWbopjy555zbALSKlnt6rzzUthD1uiTFNyTYyduuUcSWLmyLbMu9jEav2QF1xAziHA==",
			"requires": {
				"sass-versioning": "0.2.2"
			}
		},
		"@bolt/settings-global": {
			"version": "0.2.0",
			"resolved": "https://registry.npmjs.org/@bolt/settings-global/-/settings-global-0.2.0.tgz",
			"integrity": "sha512-i+1INq3Mqx3w4H68TPZO4Kc4V9BPYC4W9JoFfjzgvaPFcErAWGRhlpJYaRQlrZ2MGVeeMn71sA3mW53TcR7aEw=="
		},
		"@bolt/tools-no-select": {
			"version": "0.1.0",
			"resolved": "https://registry.npmjs.org/@bolt/tools-no-select/-/tools-no-select-0.1.0.tgz",
			"integrity": "sha512-x4LGaxoy6hQVfg41mnHZq9bzebaRNpVn+oj+o0KqQz6VWMQTjyw+uRUIhWTsqwSkoXnpanCMXnY1TdFEmvqbEw==",
			"requires": {
				"@bolt/setting-module-manager": "0.1.0"
			}
		},
		"sass-versioning": {
			"version": "0.2.2",
			"resolved": "https://registry.npmjs.org/sass-versioning/-/sass-versioning-0.2.2.tgz",
			"integrity": "sha1-avJ90mG5D0+kJvqeuCFe+CicE3c="
		}
	}
}
