{
	"requires": true,
	"lockfileVersion": 1,
	"dependencies": {
		"@bolt/settings-global": {
			"version": "0.2.0",
			"resolved": "https://registry.npmjs.org/@bolt/settings-global/-/settings-global-0.2.0.tgz",
			"integrity": "sha512-i+1INq3Mqx3w4H68TPZO4Kc4V9BPYC4W9JoFfjzgvaPFcErAWGRhlpJYaRQlrZ2MGVeeMn71sA3mW53TcR7aEw=="
		}
	}
}
