{
  "name": "@bolt/settings-colors",
  "version": "0.3.0",
  "lockfileVersion": 1,
  "requires": true,
  "dependencies": {
    "@bolt/tools-export-data": {
      "version": "0.3.0"
    },
    "sass-toolkit": {
      "version": "2.10.2",
      "resolved": "https://registry.npmjs.org/sass-toolkit/-/sass-toolkit-2.10.2.tgz",
      "integrity": "sha1-wpCtcddvQ1sGjZYyJvKH4CLcaWo="
    }
  }
}
