# THIS IS AN AUTOGENERATED FILE. DO NOT EDIT THIS FILE DIRECTLY.
# yarn lockfile v1


"@bolt/settings-font-family@^0.1.0-beta.2":
  version "0.1.0-beta.2"
  resolved "https://registry.yarnpkg.com/@bolt/settings-font-family/-/settings-font-family-0.1.0-beta.2.tgz#a2f9e8fa335bfb958ff461d43ed80677ed7de034"
