{
    "_readme": [
        "This file locks the dependencies of your project to a known state",
        "Read more about it at https://getcomposer.org/doc/01-basic-usage.md#installing-dependencies",
        "This file is @generated automatically"
    ],
    "content-hash": "b71230d682dfe48a0372ea22a8447a95",
    "packages": [
        {
            "name": "asm89/twig-lint",
            "version": "1.0.2",
            "source": {
                "type": "git",
                "url": "https://github.com/asm89/twig-lint.git",
                "reference": "bbf7bc49689ed55d2900de7528c528c93db19431"
            },
            "dist": {
                "type": "zip",
                "url": "https://api.github.com/repos/asm89/twig-lint/zipball/bbf7bc49689ed55d2900de7528c528c93db19431",
                "reference": "bbf7bc49689ed55d2900de7528c528c93db19431",
                "shasum": ""
            },
            "require": {
                "symfony/console": "^2.1 || ^3.0",
                "symfony/finder": "^2.1 || ^3.0",
                "twig/twig": "^1.16.2"
            },
            "bin": [
                "bin/twig-lint"
            ],
            "type": "library",
            "extra": {
                "branch-alias": {
                    "dev-master": "1.0-dev"
                }
            },
            "autoload": {
                "psr-0": {
                    "Asm89\\Twig\\Lint\\": "src/"
                }
            },
            "notification-url": "https://packagist.org/downloads/",
            "license": [
                "MIT"
            ],
            "authors": [
                {
                    "name": "Alexander",
                    "email": "iam.asm89@gmail.com"
                }
            ],
            "description": "Standalone twig linter.",
            "homepage": "https://github.com/asm89/twig-lint",
            "keywords": [
                "lint",
                "twig"
            ],
            "time": "2016-07-25T21:02:13+00:00"
        },
        {
            "name": "basaltinc/twig-tools",
            "version": "v1.4.3",
            "source": {
                "type": "git",
                "url": "https://github.com/basaltinc/twig-tools.git",
                "reference": "99f3b6bbc6066a0ca336185aa628e3c1f6797696"
            },
            "dist": {
                "type": "zip",
                "url": "https://api.github.com/repos/basaltinc/twig-tools/zipball/99f3b6bbc6066a0ca336185aa628e3c1f6797696",
                "reference": "99f3b6bbc6066a0ca336185aa628e3c1f6797696",
                "shasum": ""
            },
            "require": {
                "fzaninotto/faker": "^1.7",
                "justinrainbow/json-schema": "^5.2",
                "symfony/yaml": "^3.2",
                "twig/twig": "^1.0",
                "webmozart/path-util": "^2.3"
            },
            "type": "library",
            "autoload": {
                "psr-4": {
                    "BasaltInc\\TwigTools\\": "src/"
                }
            },
            "notification-url": "https://packagist.org/downloads/",
            "license": [
                "MIT"
            ],
            "authors": [
                {
                    "name": "Evan Lovely",
                    "email": "evanlovely@gmail.com"
                }
            ],
            "time": "2019-05-28T16:50:14+00:00"
        },
        {
            "name": "bolt-design-system/core-php",
            "version": "2.6.0",
            "source": {
                "type": "git",
                "url": "https://github.com/bolt-design-system/core-php.git",
                "reference": "4a2c5665ee655c012f962850f2f49a7df86e06f5"
            },
            "dist": {
                "type": "zip",
                "url": "https://api.github.com/repos/bolt-design-system/core-php/zipball/4a2c5665ee655c012f962850f2f49a7df86e06f5",
                "reference": "4a2c5665ee655c012f962850f2f49a7df86e06f5",
                "shasum": ""
            },
            "require": {
                "asm89/twig-lint": "^1.0",
                "basaltinc/twig-tools": "^1.4.0",
                "fzaninotto/faker": "^1.8.0",
                "gregwar/image": "^2.0",
                "mexitek/phpcolors": "^0.4.0",
                "michelf/php-markdown": "^1.8.0",
                "nabil1337/case-helper": "^0.1.0",
                "shudrum/array-finder": "^1.1",
                "tooleks/php-avg-color-picker": "^1.1.2",
                "webmozart/path-util": "^2.3"
            },
            "require-dev": {
                "phpunit/phpunit": "^7"
            },
            "suggest": {
                "bolt-design-system/drupal-twig-extensions": "*"
            },
            "type": "library",
            "autoload": {
                "psr-4": {
                    "Bolt\\": "src/"
                }
            },
            "notification-url": "https://packagist.org/downloads/",
            "license": [
                "MIT"
            ],
            "authors": [
                {
                    "name": "Salem Ghoweri",
                    "role": "Maintainer"
                },
                {
                    "name": "Evan Lovely"
                }
            ],
            "description": "Core PHP functionality for the Bolt Design System",
            "time": "2019-08-30T21:04:54+00:00"
        },
        {
            "name": "bolt-design-system/drupal-twig-extensions",
            "version": "2.4.0",
            "dist": {
                "type": "path",
                "url": "../drupal-twig-extensions",
                "reference": "f5939913e3ce84896f84d7e639557fa99b8e3882",
                "shasum": null
            },
            "require": {
                "drupal/core-render": "^8.0.0",
                "drupal/core-utility": "^8.0.0"
            },
            "type": "library",
            "autoload": {
                "psr-4": {
                    "Drupal\\Core\\": "src/Core"
                }
            },
            "scripts": {
                "setup": [
                    "@composer install --no-interaction --prefer-dist --no-progress"
                ]
            },
            "license": [
                "MIT"
            ],
            "authors": [
                {
                    "name": "Salem Ghoweri",
                    "role": "Maintainer"
                },
                {
                    "name": "Evan Lovely"
                }
            ],
            "description": "Extra Twig extensions for adding Drupal-specific functionality to the Bolt Design System"
        },
        {
            "name": "drupal/core-render",
            "version": "8.7.8",
            "source": {
                "type": "git",
                "url": "https://github.com/drupal/core-render.git",
                "reference": "088f75280b4357930dc5136c5323cc1641772514"
            },
            "dist": {
                "type": "zip",
                "url": "https://api.github.com/repos/drupal/core-render/zipball/088f75280b4357930dc5136c5323cc1641772514",
                "reference": "088f75280b4357930dc5136c5323cc1641772514",
                "shasum": ""
            },
            "require": {
                "drupal/core-utility": "^8.2",
                "php": ">=5.5.9"
            },
            "type": "library",
            "autoload": {
                "psr-4": {
                    "Drupal\\Component\\Render\\": ""
                }
            },
            "notification-url": "https://packagist.org/downloads/",
            "license": [
                "GPL-2.0-or-later"
            ],
            "description": "Renders placeholder variables for HTML and plain-text display.",
            "homepage": "https://www.drupal.org/project/drupal",
            "keywords": [
                "drupal"
            ],
            "time": "2018-05-08T20:55:21+00:00"
        },
        {
            "name": "drupal/core-utility",
            "version": "8.7.8",
            "source": {
                "type": "git",
                "url": "https://github.com/drupal/core-utility.git",
                "reference": "d31513b29161eec6c3dbeb6529b691840ed677c5"
            },
            "dist": {
                "type": "zip",
                "url": "https://api.github.com/repos/drupal/core-utility/zipball/d31513b29161eec6c3dbeb6529b691840ed677c5",
                "reference": "d31513b29161eec6c3dbeb6529b691840ed677c5",
                "shasum": ""
            },
            "require": {
                "drupal/core-render": "^8.2",
                "paragonie/random_compat": "^1.0|^2.0",
                "php": ">=5.5.9",
                "symfony/polyfill-iconv": "~1.0",
                "symfony/polyfill-mbstring": "~1.0"
            },
            "type": "library",
            "autoload": {
                "psr-4": {
                    "Drupal\\Component\\Utility\\": ""
                }
            },
            "notification-url": "https://packagist.org/downloads/",
            "license": [
                "GPL-2.0-or-later"
            ],
            "description": "Mostly static utility classes for string, xss, array, image, and other commonly needed manipulations.",
            "homepage": "https://www.drupal.org/project/drupal",
            "keywords": [
                "drupal"
            ],
            "time": "2019-09-09T10:55:36+00:00"
        },
        {
            "name": "fzaninotto/faker",
            "version": "v1.8.0",
            "source": {
                "type": "git",
                "url": "https://github.com/fzaninotto/Faker.git",
                "reference": "f72816b43e74063c8b10357394b6bba8cb1c10de"
            },
            "dist": {
                "type": "zip",
                "url": "https://api.github.com/repos/fzaninotto/Faker/zipball/f72816b43e74063c8b10357394b6bba8cb1c10de",
                "reference": "f72816b43e74063c8b10357394b6bba8cb1c10de",
                "shasum": ""
            },
            "require": {
                "php": "^5.3.3 || ^7.0"
            },
            "require-dev": {
                "ext-intl": "*",
                "phpunit/phpunit": "^4.8.35 || ^5.7",
                "squizlabs/php_codesniffer": "^1.5"
            },
            "type": "library",
            "extra": {
                "branch-alias": {
                    "dev-master": "1.8-dev"
                }
            },
            "autoload": {
                "psr-4": {
                    "Faker\\": "src/Faker/"
                }
            },
            "notification-url": "https://packagist.org/downloads/",
            "license": [
                "MIT"
            ],
            "authors": [
                {
                    "name": "François Zaninotto"
                }
            ],
            "description": "Faker is a PHP library that generates fake data for you.",
            "keywords": [
                "data",
                "faker",
                "fixtures"
            ],
            "time": "2018-07-12T10:23:15+00:00"
        },
        {
            "name": "gregwar/cache",
            "version": "v1.0.12",
            "target-dir": "Gregwar/Cache",
            "source": {
                "type": "git",
                "url": "https://github.com/Gregwar/Cache.git",
                "reference": "305d0f5a12c0beecbbd7e1de236f59f39e0c0ac3"
            },
            "dist": {
                "type": "zip",
                "url": "https://api.github.com/repos/Gregwar/Cache/zipball/305d0f5a12c0beecbbd7e1de236f59f39e0c0ac3",
                "reference": "305d0f5a12c0beecbbd7e1de236f59f39e0c0ac3",
                "shasum": ""
            },
            "require": {
                "php": ">=5.3"
            },
            "type": "library",
            "autoload": {
                "psr-0": {
                    "Gregwar\\Cache": ""
                }
            },
            "notification-url": "https://packagist.org/downloads/",
            "license": [
                "MIT"
            ],
            "authors": [
                {
                    "name": "Gregwar",
                    "email": "g.passault@gmail.com"
                }
            ],
            "description": "A lightweight file-system cache system",
            "keywords": [
                "cache",
                "caching",
                "file-system",
                "system"
            ],
            "time": "2016-09-23T08:16:04+00:00"
        },
        {
            "name": "gregwar/image",
            "version": "v2.0.25",
            "target-dir": "Gregwar/Image",
            "source": {
                "type": "git",
                "url": "https://github.com/Gregwar/Image.git",
                "reference": "03534d5760cbea5c96e6292041ff81a3bb205c36"
            },
            "dist": {
                "type": "zip",
                "url": "https://api.github.com/repos/Gregwar/Image/zipball/03534d5760cbea5c96e6292041ff81a3bb205c36",
                "reference": "03534d5760cbea5c96e6292041ff81a3bb205c36",
                "shasum": ""
            },
            "require": {
                "ext-gd": "*",
                "gregwar/cache": "^1.0.6",
                "php": "^5.3 || ^7.0"
            },
            "require-dev": {
                "sllh/php-cs-fixer-styleci-bridge": "~1.0",
                "symfony/phpunit-bridge": "^2.7.4 || ^3.0"
            },
            "suggest": {
                "behat/transliterator": "Transliterator provides ability to set non-latin1 pretty names"
            },
            "type": "library",
            "autoload": {
                "psr-0": {
                    "Gregwar\\Image": ""
                }
            },
            "notification-url": "https://packagist.org/downloads/",
            "license": [
                "MIT"
            ],
            "authors": [
                {
                    "name": "Grégoire Passault",
                    "email": "g.passault@gmail.com",
                    "homepage": "http://www.gregwar.com/"
                }
            ],
            "description": "Image handling",
            "homepage": "https://github.com/Gregwar/Image",
            "keywords": [
                "gd",
                "image"
            ],
            "time": "2019-03-01T15:55:29+00:00"
        },
        {
            "name": "justinrainbow/json-schema",
            "version": "5.2.8",
            "source": {
                "type": "git",
                "url": "https://github.com/justinrainbow/json-schema.git",
                "reference": "dcb6e1006bb5fd1e392b4daa68932880f37550d4"
            },
            "dist": {
                "type": "zip",
                "url": "https://api.github.com/repos/justinrainbow/json-schema/zipball/dcb6e1006bb5fd1e392b4daa68932880f37550d4",
                "reference": "dcb6e1006bb5fd1e392b4daa68932880f37550d4",
                "shasum": ""
            },
            "require": {
                "php": ">=5.3.3"
            },
            "require-dev": {
                "friendsofphp/php-cs-fixer": "~2.2.20",
                "json-schema/json-schema-test-suite": "1.2.0",
                "phpunit/phpunit": "^4.8.35"
            },
            "bin": [
                "bin/validate-json"
            ],
            "type": "library",
            "extra": {
                "branch-alias": {
                    "dev-master": "5.0.x-dev"
                }
            },
            "autoload": {
                "psr-4": {
                    "JsonSchema\\": "src/JsonSchema/"
                }
            },
            "notification-url": "https://packagist.org/downloads/",
            "license": [
                "MIT"
            ],
            "authors": [
                {
                    "name": "Bruno Prieto Reis",
                    "email": "bruno.p.reis@gmail.com"
                },
                {
                    "name": "Justin Rainbow",
                    "email": "justin.rainbow@gmail.com"
                },
                {
                    "name": "Igor Wiedler",
                    "email": "igor@wiedler.ch"
                },
                {
                    "name": "Robert Schönthal",
                    "email": "seroscho@googlemail.com"
                }
            ],
            "description": "A library to validate a json schema.",
            "homepage": "https://github.com/justinrainbow/json-schema",
            "keywords": [
                "json",
                "schema"
            ],
            "time": "2019-01-14T23:55:14+00:00"
        },
        {
            "name": "mexitek/phpcolors",
            "version": "v0.4",
            "source": {
                "type": "git",
                "url": "https://github.com/mexitek/phpColors.git",
                "reference": "89bf30473a68dc8845e46e9db3e536b969e18c11"
            },
            "dist": {
                "type": "zip",
                "url": "https://api.github.com/repos/mexitek/phpColors/zipball/89bf30473a68dc8845e46e9db3e536b969e18c11",
                "reference": "89bf30473a68dc8845e46e9db3e536b969e18c11",
                "shasum": ""
            },
            "require": {
                "php": ">=5.3.0"
            },
            "type": "library",
            "autoload": {
                "classmap": [
                    "src"
                ]
            },
            "notification-url": "https://packagist.org/downloads/",
            "license": [
                "MIT"
            ],
            "authors": [
                {
                    "name": "Arlo Carreon",
                    "homepage": "http://arlocarreon.com",
                    "role": "creator"
                }
            ],
            "description": "A series of methods that let you manipulate colors. Just incase you ever need different shades of one color on the fly.",
            "homepage": "http://mexitek.github.com/phpColors/",
            "keywords": [
                "color",
                "css",
                "design",
                "frontend",
                "ui"
            ],
            "time": "2015-09-09T15:43:06+00:00"
        },
        {
            "name": "michelf/php-markdown",
            "version": "1.8.0",
            "source": {
                "type": "git",
                "url": "https://github.com/michelf/php-markdown.git",
                "reference": "01ab082b355bf188d907b9929cd99b2923053495"
            },
            "dist": {
                "type": "zip",
                "url": "https://api.github.com/repos/michelf/php-markdown/zipball/01ab082b355bf188d907b9929cd99b2923053495",
                "reference": "01ab082b355bf188d907b9929cd99b2923053495",
                "shasum": ""
            },
            "require": {
                "php": ">=5.3.0"
            },
            "type": "library",
            "autoload": {
                "psr-4": {
                    "Michelf\\": "Michelf/"
                }
            },
            "notification-url": "https://packagist.org/downloads/",
            "license": [
                "BSD-3-Clause"
            ],
            "authors": [
                {
                    "name": "Michel Fortin",
                    "email": "michel.fortin@michelf.ca",
                    "homepage": "https://michelf.ca/",
                    "role": "Developer"
                },
                {
                    "name": "John Gruber",
                    "homepage": "https://daringfireball.net/"
                }
            ],
            "description": "PHP Markdown",
            "homepage": "https://michelf.ca/projects/php-markdown/",
            "keywords": [
                "markdown"
            ],
            "time": "2018-01-15T00:49:33+00:00"
        },
        {
            "name": "nabil1337/case-helper",
            "version": "0.1.0",
            "source": {
                "type": "git",
                "url": "https://github.com/nabil1337/case-helper.git",
                "reference": "8cead5fe6470402d127ae0d759168f9778078992"
            },
            "dist": {
                "type": "zip",
                "url": "https://api.github.com/repos/nabil1337/case-helper/zipball/8cead5fe6470402d127ae0d759168f9778078992",
                "reference": "8cead5fe6470402d127ae0d759168f9778078992",
                "shasum": ""
            },
            "require-dev": {
                "phpunit/phpunit": "4.4.0"
            },
            "type": "library",
            "autoload": {
                "psr-4": {
                    "CaseHelper\\": "src/",
                    "CaseHelper\\Test\\": "tests/"
                }
            },
            "notification-url": "https://packagist.org/downloads/",
            "license": [
                "MIT"
            ],
            "description": "Easily convert between camelCase, PascalCase, kebab-case, snake_case, SCREAMING_SNAKE_CASE, Train-Case, and string case!",
            "time": "2014-12-06T02:33:17+00:00"
        },
        {
            "name": "paragonie/random_compat",
            "version": "v2.0.18",
            "source": {
                "type": "git",
                "url": "https://github.com/paragonie/random_compat.git",
                "reference": "0a58ef6e3146256cc3dc7cc393927bcc7d1b72db"
            },
            "dist": {
                "type": "zip",
                "url": "https://api.github.com/repos/paragonie/random_compat/zipball/0a58ef6e3146256cc3dc7cc393927bcc7d1b72db",
                "reference": "0a58ef6e3146256cc3dc7cc393927bcc7d1b72db",
                "shasum": ""
            },
            "require": {
                "php": ">=5.2.0"
            },
            "require-dev": {
                "phpunit/phpunit": "4.*|5.*"
            },
            "suggest": {
                "ext-libsodium": "Provides a modern crypto API that can be used to generate random bytes."
            },
            "type": "library",
            "autoload": {
                "files": [
                    "lib/random.php"
                ]
            },
            "notification-url": "https://packagist.org/downloads/",
            "license": [
                "MIT"
            ],
            "authors": [
                {
                    "name": "Paragon Initiative Enterprises",
                    "email": "security@paragonie.com",
                    "homepage": "https://paragonie.com"
                }
            ],
            "description": "PHP 5.x polyfill for random_bytes() and random_int() from PHP 7",
            "keywords": [
                "csprng",
                "polyfill",
                "pseudorandom",
                "random"
            ],
            "time": "2019-01-03T20:59:08+00:00"
        },
        {
            "name": "psr/log",
            "version": "1.1.0",
            "source": {
                "type": "git",
                "url": "https://github.com/php-fig/log.git",
                "reference": "6c001f1daafa3a3ac1d8ff69ee4db8e799a654dd"
            },
            "dist": {
                "type": "zip",
                "url": "https://api.github.com/repos/php-fig/log/zipball/6c001f1daafa3a3ac1d8ff69ee4db8e799a654dd",
                "reference": "6c001f1daafa3a3ac1d8ff69ee4db8e799a654dd",
                "shasum": ""
            },
            "require": {
                "php": ">=5.3.0"
            },
            "type": "library",
            "extra": {
                "branch-alias": {
                    "dev-master": "1.0.x-dev"
                }
            },
            "autoload": {
                "psr-4": {
                    "Psr\\Log\\": "Psr/Log/"
                }
            },
            "notification-url": "https://packagist.org/downloads/",
            "license": [
                "MIT"
            ],
            "authors": [
                {
                    "name": "PHP-FIG",
                    "homepage": "http://www.php-fig.org/"
                }
            ],
            "description": "Common interface for logging libraries",
            "homepage": "https://github.com/php-fig/log",
            "keywords": [
                "log",
                "psr",
                "psr-3"
            ],
            "time": "2018-11-20T15:27:04+00:00"
        },
        {
            "name": "shudrum/array-finder",
            "version": "v1.1.0",
            "source": {
                "type": "git",
                "url": "https://github.com/Shudrum/ArrayFinder.git",
                "reference": "42380f01017371b7a1e8e02b0bf12cb534e454d7"
            },
            "dist": {
                "type": "zip",
                "url": "https://api.github.com/repos/Shudrum/ArrayFinder/zipball/42380f01017371b7a1e8e02b0bf12cb534e454d7",
                "reference": "42380f01017371b7a1e8e02b0bf12cb534e454d7",
                "shasum": ""
            },
            "require": {
                "php": ">=5.4"
            },
            "type": "library",
            "autoload": {
                "psr-4": {
                    "Shudrum\\Component\\ArrayFinder\\": ""
                },
                "exclude-from-classmap": [
                    "/Tests/"
                ]
            },
            "notification-url": "https://packagist.org/downloads/",
            "license": [
                "MIT"
            ],
            "authors": [
                {
                    "name": "Julien Martin",
                    "email": "martin.julien82@gmail.com"
                }
            ],
            "description": "ArrayFinder component",
            "homepage": "https://github.com/Shudrum/ArrayFinder",
            "time": "2016-02-01T12:23:32+00:00"
        },
        {
            "name": "symfony/console",
            "version": "v3.4.32",
            "source": {
                "type": "git",
                "url": "https://github.com/symfony/console.git",
                "reference": "4727d7f3c99b9dea0ae70ed4f34645728aa90453"
            },
            "dist": {
                "type": "zip",
                "url": "https://api.github.com/repos/symfony/console/zipball/4727d7f3c99b9dea0ae70ed4f34645728aa90453",
                "reference": "4727d7f3c99b9dea0ae70ed4f34645728aa90453",
                "shasum": ""
            },
            "require": {
                "php": "^5.5.9|>=7.0.8",
                "symfony/debug": "~2.8|~3.0|~4.0",
                "symfony/polyfill-mbstring": "~1.0"
            },
            "conflict": {
                "symfony/dependency-injection": "<3.4",
                "symfony/process": "<3.3"
            },
            "provide": {
                "psr/log-implementation": "1.0"
            },
            "require-dev": {
                "psr/log": "~1.0",
                "symfony/config": "~3.3|~4.0",
                "symfony/dependency-injection": "~3.4|~4.0",
                "symfony/event-dispatcher": "~2.8|~3.0|~4.0",
                "symfony/lock": "~3.4|~4.0",
                "symfony/process": "~3.3|~4.0"
            },
            "suggest": {
                "psr/log": "For using the console logger",
                "symfony/event-dispatcher": "",
                "symfony/lock": "",
                "symfony/process": ""
            },
            "type": "library",
            "extra": {
                "branch-alias": {
                    "dev-master": "3.4-dev"
                }
            },
            "autoload": {
                "psr-4": {
                    "Symfony\\Component\\Console\\": ""
                },
                "exclude-from-classmap": [
                    "/Tests/"
                ]
            },
            "notification-url": "https://packagist.org/downloads/",
            "license": [
                "MIT"
            ],
            "authors": [
                {
                    "name": "Fabien Potencier",
                    "email": "fabien@symfony.com"
                },
                {
                    "name": "Symfony Community",
                    "homepage": "https://symfony.com/contributors"
                }
            ],
            "description": "Symfony Console Component",
            "homepage": "https://symfony.com",
            "time": "2019-10-06T19:52:09+00:00"
        },
        {
            "name": "symfony/debug",
            "version": "v4.3.5",
            "source": {
                "type": "git",
                "url": "https://github.com/symfony/debug.git",
                "reference": "cc5c1efd0edfcfd10b354750594a46b3dd2afbbe"
            },
            "dist": {
                "type": "zip",
                "url": "https://api.github.com/repos/symfony/debug/zipball/cc5c1efd0edfcfd10b354750594a46b3dd2afbbe",
                "reference": "cc5c1efd0edfcfd10b354750594a46b3dd2afbbe",
                "shasum": ""
            },
            "require": {
                "php": "^7.1.3",
                "psr/log": "~1.0"
            },
            "conflict": {
                "symfony/http-kernel": "<3.4"
            },
            "require-dev": {
                "symfony/http-kernel": "~3.4|~4.0"
            },
            "type": "library",
            "extra": {
                "branch-alias": {
                    "dev-master": "4.3-dev"
                }
            },
            "autoload": {
                "psr-4": {
                    "Symfony\\Component\\Debug\\": ""
                },
                "exclude-from-classmap": [
                    "/Tests/"
                ]
            },
            "notification-url": "https://packagist.org/downloads/",
            "license": [
                "MIT"
            ],
            "authors": [
                {
                    "name": "Fabien Potencier",
                    "email": "fabien@symfony.com"
                },
                {
                    "name": "Symfony Community",
                    "homepage": "https://symfony.com/contributors"
                }
            ],
            "description": "Symfony Debug Component",
            "homepage": "https://symfony.com",
            "time": "2019-09-19T15:51:53+00:00"
        },
        {
            "name": "symfony/finder",
            "version": "v3.4.32",
            "source": {
                "type": "git",
                "url": "https://github.com/symfony/finder.git",
                "reference": "2b6a666d6ff7fb65d10b97d817c8e7930944afb9"
            },
            "dist": {
                "type": "zip",
                "url": "https://api.github.com/repos/symfony/finder/zipball/2b6a666d6ff7fb65d10b97d817c8e7930944afb9",
                "reference": "2b6a666d6ff7fb65d10b97d817c8e7930944afb9",
                "shasum": ""
            },
            "require": {
                "php": "^5.5.9|>=7.0.8"
            },
            "type": "library",
            "extra": {
                "branch-alias": {
                    "dev-master": "3.4-dev"
                }
            },
            "autoload": {
                "psr-4": {
                    "Symfony\\Component\\Finder\\": ""
                },
                "exclude-from-classmap": [
                    "/Tests/"
                ]
            },
            "notification-url": "https://packagist.org/downloads/",
            "license": [
                "MIT"
            ],
            "authors": [
                {
                    "name": "Fabien Potencier",
                    "email": "fabien@symfony.com"
                },
                {
                    "name": "Symfony Community",
                    "homepage": "https://symfony.com/contributors"
                }
            ],
            "description": "Symfony Finder Component",
            "homepage": "https://symfony.com",
            "time": "2019-09-01T21:32:23+00:00"
        },
        {
            "name": "symfony/polyfill-ctype",
            "version": "v1.12.0",
            "source": {
                "type": "git",
                "url": "https://github.com/symfony/polyfill-ctype.git",
                "reference": "550ebaac289296ce228a706d0867afc34687e3f4"
            },
            "dist": {
                "type": "zip",
                "url": "https://api.github.com/repos/symfony/polyfill-ctype/zipball/550ebaac289296ce228a706d0867afc34687e3f4",
                "reference": "550ebaac289296ce228a706d0867afc34687e3f4",
                "shasum": ""
            },
            "require": {
                "php": ">=5.3.3"
            },
            "suggest": {
                "ext-ctype": "For best performance"
            },
            "type": "library",
            "extra": {
                "branch-alias": {
                    "dev-master": "1.12-dev"
                }
            },
            "autoload": {
                "psr-4": {
                    "Symfony\\Polyfill\\Ctype\\": ""
                },
                "files": [
                    "bootstrap.php"
                ]
            },
            "notification-url": "https://packagist.org/downloads/",
            "license": [
                "MIT"
            ],
            "authors": [
                {
                    "name": "Gert de Pagter",
                    "email": "BackEndTea@gmail.com"
                },
                {
                    "name": "Symfony Community",
                    "homepage": "https://symfony.com/contributors"
                }
            ],
            "description": "Symfony polyfill for ctype functions",
            "homepage": "https://symfony.com",
            "keywords": [
                "compatibility",
                "ctype",
                "polyfill",
                "portable"
            ],
            "time": "2019-08-06T08:03:45+00:00"
        },
        {
            "name": "symfony/polyfill-iconv",
            "version": "v1.12.0",
            "source": {
                "type": "git",
                "url": "https://github.com/symfony/polyfill-iconv.git",
                "reference": "685968b11e61a347c18bf25db32effa478be610f"
            },
            "dist": {
                "type": "zip",
                "url": "https://api.github.com/repos/symfony/polyfill-iconv/zipball/685968b11e61a347c18bf25db32effa478be610f",
                "reference": "685968b11e61a347c18bf25db32effa478be610f",
                "shasum": ""
            },
            "require": {
                "php": ">=5.3.3"
            },
            "suggest": {
                "ext-iconv": "For best performance"
            },
            "type": "library",
            "extra": {
                "branch-alias": {
                    "dev-master": "1.12-dev"
                }
            },
            "autoload": {
                "psr-4": {
                    "Symfony\\Polyfill\\Iconv\\": ""
                },
                "files": [
                    "bootstrap.php"
                ]
            },
            "notification-url": "https://packagist.org/downloads/",
            "license": [
                "MIT"
            ],
            "authors": [
                {
                    "name": "Nicolas Grekas",
                    "email": "p@tchwork.com"
                },
                {
                    "name": "Symfony Community",
                    "homepage": "https://symfony.com/contributors"
                }
            ],
            "description": "Symfony polyfill for the Iconv extension",
            "homepage": "https://symfony.com",
            "keywords": [
                "compatibility",
                "iconv",
                "polyfill",
                "portable",
                "shim"
            ],
            "time": "2019-08-06T08:03:45+00:00"
        },
        {
            "name": "symfony/polyfill-mbstring",
            "version": "v1.12.0",
            "source": {
                "type": "git",
                "url": "https://github.com/symfony/polyfill-mbstring.git",
                "reference": "b42a2f66e8f1b15ccf25652c3424265923eb4f17"
            },
            "dist": {
                "type": "zip",
                "url": "https://api.github.com/repos/symfony/polyfill-mbstring/zipball/b42a2f66e8f1b15ccf25652c3424265923eb4f17",
                "reference": "b42a2f66e8f1b15ccf25652c3424265923eb4f17",
                "shasum": ""
            },
            "require": {
                "php": ">=5.3.3"
            },
            "suggest": {
                "ext-mbstring": "For best performance"
            },
            "type": "library",
            "extra": {
                "branch-alias": {
                    "dev-master": "1.12-dev"
                }
            },
            "autoload": {
                "psr-4": {
                    "Symfony\\Polyfill\\Mbstring\\": ""
                },
                "files": [
                    "bootstrap.php"
                ]
            },
            "notification-url": "https://packagist.org/downloads/",
            "license": [
                "MIT"
            ],
            "authors": [
                {
                    "name": "Nicolas Grekas",
                    "email": "p@tchwork.com"
                },
                {
                    "name": "Symfony Community",
                    "homepage": "https://symfony.com/contributors"
                }
            ],
            "description": "Symfony polyfill for the Mbstring extension",
            "homepage": "https://symfony.com",
            "keywords": [
                "compatibility",
                "mbstring",
                "polyfill",
                "portable",
                "shim"
            ],
            "time": "2019-08-06T08:03:45+00:00"
        },
        {
            "name": "symfony/yaml",
            "version": "v3.4.32",
            "source": {
                "type": "git",
                "url": "https://github.com/symfony/yaml.git",
                "reference": "768f817446da74a776a31eea335540f9dcb53942"
            },
            "dist": {
                "type": "zip",
                "url": "https://api.github.com/repos/symfony/yaml/zipball/768f817446da74a776a31eea335540f9dcb53942",
                "reference": "768f817446da74a776a31eea335540f9dcb53942",
                "shasum": ""
            },
            "require": {
                "php": "^5.5.9|>=7.0.8",
                "symfony/polyfill-ctype": "~1.8"
            },
            "conflict": {
                "symfony/console": "<3.4"
            },
            "require-dev": {
                "symfony/console": "~3.4|~4.0"
            },
            "suggest": {
                "symfony/console": "For validating YAML files using the lint command"
            },
            "type": "library",
            "extra": {
                "branch-alias": {
                    "dev-master": "3.4-dev"
                }
            },
            "autoload": {
                "psr-4": {
                    "Symfony\\Component\\Yaml\\": ""
                },
                "exclude-from-classmap": [
                    "/Tests/"
                ]
            },
            "notification-url": "https://packagist.org/downloads/",
            "license": [
                "MIT"
            ],
            "authors": [
                {
                    "name": "Fabien Potencier",
                    "email": "fabien@symfony.com"
                },
                {
                    "name": "Symfony Community",
                    "homepage": "https://symfony.com/contributors"
                }
            ],
            "description": "Symfony Yaml Component",
            "homepage": "https://symfony.com",
            "time": "2019-09-10T10:38:46+00:00"
        },
        {
            "name": "tooleks/php-avg-color-picker",
            "version": "1.1.2",
            "source": {
                "type": "git",
                "url": "https://github.com/tooleks/php-avg-color-picker.git",
                "reference": "64e2042def3f0450e04a812dd3dcd8e7236a7fd8"
            },
            "dist": {
                "type": "zip",
                "url": "https://api.github.com/repos/tooleks/php-avg-color-picker/zipball/64e2042def3f0450e04a812dd3dcd8e7236a7fd8",
                "reference": "64e2042def3f0450e04a812dd3dcd8e7236a7fd8",
                "shasum": ""
            },
            "require": {
                "ext-gd": "*",
                "ext-mbstring": "*",
                "php": "^7.0"
            },
            "require-dev": {
                "phpunit/phpunit": "^5.5"
            },
            "type": "library",
            "autoload": {
                "psr-4": {
                    "Tooleks\\Php\\AvgColorPicker\\": "src"
                }
            },
            "notification-url": "https://packagist.org/downloads/",
            "license": [
                "MIT"
            ],
            "authors": [
                {
                    "name": "Oleksandr Tolochko",
                    "email": "tooleks@gmail.com",
                    "role": "Developer"
                }
            ],
            "description": "The PHP Average Color Picker Library",
            "homepage": "https://github.com/tooleks/php-avg-color-picker",
            "keywords": [
                "average",
                "avg",
                "color",
                "hex",
                "php",
                "picker",
                "rgb"
            ],
            "time": "2017-07-07T11:41:14+00:00"
        },
        {
            "name": "twig/twig",
            "version": "v1.37.1",
            "source": {
                "type": "git",
                "url": "https://github.com/twigphp/Twig.git",
                "reference": "66be9366c76cbf23e82e7171d47cbfa54a057a62"
            },
            "dist": {
                "type": "zip",
                "url": "https://api.github.com/repos/twigphp/Twig/zipball/66be9366c76cbf23e82e7171d47cbfa54a057a62",
                "reference": "66be9366c76cbf23e82e7171d47cbfa54a057a62",
                "shasum": ""
            },
            "require": {
                "php": ">=5.4.0",
                "symfony/polyfill-ctype": "^1.8"
            },
            "require-dev": {
                "psr/container": "^1.0",
                "symfony/debug": "^2.7",
                "symfony/phpunit-bridge": "^3.4.19|^4.1.8"
            },
            "type": "library",
            "extra": {
                "branch-alias": {
                    "dev-master": "1.37-dev"
                }
            },
            "autoload": {
                "psr-0": {
                    "Twig_": "lib/"
                },
                "psr-4": {
                    "Twig\\": "src/"
                }
            },
            "notification-url": "https://packagist.org/downloads/",
            "license": [
                "BSD-3-Clause"
            ],
            "authors": [
                {
                    "name": "Fabien Potencier",
                    "email": "fabien@symfony.com",
                    "homepage": "http://fabien.potencier.org",
                    "role": "Lead Developer"
                },
                {
                    "name": "Armin Ronacher",
                    "email": "armin.ronacher@active-4.com",
                    "role": "Project Founder"
                },
                {
                    "name": "Twig Team",
                    "homepage": "https://twig.symfony.com/contributors",
                    "role": "Contributors"
                }
            ],
            "description": "Twig, the flexible, fast, and secure template language for PHP",
            "homepage": "https://twig.symfony.com",
            "keywords": [
                "templating"
            ],
            "time": "2019-01-14T14:59:29+00:00"
        },
        {
            "name": "webmozart/assert",
            "version": "1.5.0",
            "source": {
                "type": "git",
                "url": "https://github.com/webmozart/assert.git",
                "reference": "88e6d84706d09a236046d686bbea96f07b3a34f4"
            },
            "dist": {
                "type": "zip",
                "url": "https://api.github.com/repos/webmozart/assert/zipball/88e6d84706d09a236046d686bbea96f07b3a34f4",
                "reference": "88e6d84706d09a236046d686bbea96f07b3a34f4",
                "shasum": ""
            },
            "require": {
                "php": "^5.3.3 || ^7.0",
                "symfony/polyfill-ctype": "^1.8"
            },
            "require-dev": {
                "phpunit/phpunit": "^4.8.36 || ^7.5.13"
            },
            "type": "library",
            "extra": {
                "branch-alias": {
                    "dev-master": "1.3-dev"
                }
            },
            "autoload": {
                "psr-4": {
                    "Webmozart\\Assert\\": "src/"
                }
            },
            "notification-url": "https://packagist.org/downloads/",
            "license": [
                "MIT"
            ],
            "authors": [
                {
                    "name": "Bernhard Schussek",
                    "email": "bschussek@gmail.com"
                }
            ],
            "description": "Assertions to validate method input/output with nice error messages.",
            "keywords": [
                "assert",
                "check",
                "validate"
            ],
            "time": "2019-08-24T08:43:50+00:00"
        },
        {
            "name": "webmozart/path-util",
            "version": "2.3.0",
            "source": {
                "type": "git",
                "url": "https://github.com/webmozart/path-util.git",
                "reference": "d939f7edc24c9a1bb9c0dee5cb05d8e859490725"
            },
            "dist": {
                "type": "zip",
                "url": "https://api.github.com/repos/webmozart/path-util/zipball/d939f7edc24c9a1bb9c0dee5cb05d8e859490725",
                "reference": "d939f7edc24c9a1bb9c0dee5cb05d8e859490725",
                "shasum": ""
            },
            "require": {
                "php": ">=5.3.3",
                "webmozart/assert": "~1.0"
            },
            "require-dev": {
                "phpunit/phpunit": "^4.6",
                "sebastian/version": "^1.0.1"
            },
            "type": "library",
            "extra": {
                "branch-alias": {
                    "dev-master": "2.3-dev"
                }
            },
            "autoload": {
                "psr-4": {
                    "Webmozart\\PathUtil\\": "src/"
                }
            },
            "notification-url": "https://packagist.org/downloads/",
            "license": [
                "MIT"
            ],
            "authors": [
                {
                    "name": "Bernhard Schussek",
                    "email": "bschussek@gmail.com"
                }
            ],
            "description": "A robust cross-platform utility for normalizing, comparing and modifying file paths.",
            "time": "2015-12-17T08:42:14+00:00"
        }
    ],
    "packages-dev": [],
    "aliases": [],
    "minimum-stability": "stable",
    "stability-flags": [],
    "prefer-stable": false,
    "prefer-lowest": false,
    "platform": [],
    "platform-dev": []
}
