{
	"requires": true,
	"lockfileVersion": 1,
	"dependencies": {
		"@bolt/objects-ratio": {
			"version": "0.7.0-alpha.97d5bc9b",
			"resolved": "https://registry.npmjs.org/@bolt/objects-ratio/-/objects-ratio-0.7.0-alpha.97d5bc9b.tgz",
			"integrity": "sha512-pztdoYUbTssAFqYfAgl76l4X9UXu7oYvP8IroIhbUbDnZupezx6fdhdwIRZs8/R5B+7x9sJugjVzI7kqZma5og=="
		}
	}
}
