{
	"name": "@bolt/tools-px-to-rem",
	"version": "0.0.0",
	"lockfileVersion": 1,
	"requires": true,
	"dependencies": {
		"@bolt/settings-global": {
			"version": "0.4.0",
			"resolved": "https://registry.npmjs.org/@bolt/settings-global/-/settings-global-0.4.0.tgz",
			"integrity": "sha512-5ZPW7G50pBwl9z7SgZGReV+P++uqhuPVO/pU7ugEsP2rZosITo8tP3KomEzFYqvOBKwOHpH4rAB23gkAsufzJA=="
		}
	}
}
