{
	"requires": true,
	"lockfileVersion": 1,
	"dependencies": {
		"@bolt/components-font-loader": {
			"version": "0.2.0",
			"resolved": "https://registry.npmjs.org/@bolt/components-font-loader/-/components-font-loader-0.2.0.tgz",
			"integrity": "sha512-VnjWHHONxSyc8JCVIlNE99eIbqV4+MLu94KqTqnaNB9GLxy2pHWVDv4dG9iDJF9R/hSEmN2R9Ygl5a8rlQ79Gg==",
			"requires": {
				"fontfaceobserver": "2.0.13"
			}
		},
		"fontfaceobserver": {
			"version": "2.0.13",
			"resolved": "https://registry.npmjs.org/fontfaceobserver/-/fontfaceobserver-2.0.13.tgz",
			"integrity": "sha1-R627NDJh7amMtE2yFSGW/xJNMiE="
		}
	}
}
