{
  "name": "@bolt/pattern-lab",
  "version": "2.2.0",
  "lockfileVersion": 1,
  "requires": true,
  "dependencies": {
    "@ckeditor/ckeditor5-build-classic": {
      "version": "11.1.1",
      "resolved": "https://registry.npmjs.org/@ckeditor/ckeditor5-build-classic/-/ckeditor5-build-classic-11.1.1.tgz",
      "integrity": "sha512-YfXokhH3Z82zdu4KCfYj2/7I0KyQav5QhNBDKnliXVGgNDuFa529xWr6x+tMx57vu+iiiih7Nmxd86A7tvsh/w=="
    }
  }
}
