# THIS IS AN AUTOGENERATED FILE. DO NOT EDIT THIS FILE DIRECTLY.
# yarn lockfile v1


"@bolt/settings-font-size@^0.5.0":
  version "0.5.0"
  resolved "https://registry.yarnpkg.com/@bolt/settings-font-size/-/settings-font-size-0.5.0.tgz#77f81833c48e9d33b1084d7f33fba35f404c3259"

"@bolt/tools-sassy-maps@^0.2.0":
  version "0.2.0"
  resolved "https://registry.yarnpkg.com/@bolt/tools-sassy-maps/-/tools-sassy-maps-0.2.0.tgz#a40a57905784f124cb366df8f78c1f9c13c4e3bd"
  dependencies:
    sassy-maps "github:at-import/Sassy-Maps#0.x.x"

"sassy-maps@github:at-import/Sassy-Maps#0.x.x":
  version "0.3.2"
  resolved "https://codeload.github.com/at-import/Sassy-Maps/tar.gz/2cd2d0ed7a0c0f0b68dc1ef621548dc7ada3efec"
