{
  "requires": true,
  "lockfileVersion": 1,
  "dependencies": {
    "eslint-config-airbnb-base": {
      "version": "11.2.0",
      "resolved": "https://registry.npmjs.org/eslint-config-airbnb-base/-/eslint-config-airbnb-base-11.2.0.tgz",
      "integrity": "sha1-GancRIGib3CQRUXsBAEWh2AY+FM="
    }
  }
}
