{
  "name": "@bolt/tools-font-size",
  "version": "0.1.0-alpha.1",
  "lockfileVersion": 1,
  "dependencies": {
    "@bolt/setting-module-manager": {
      "version": "0.1.0-alpha.1",
      "dependencies": {
        "sass-versioning": {
          "version": "0.2.2",
          "resolved": "https://registry.npmjs.org/sass-versioning/-/sass-versioning-0.2.2.tgz",
          "integrity": "sha1-avJ90mG5D0+kJvqeuCFe+CicE3c="
        }
      }
    },
    "sassy-maps": {
      "version": "github:at-import/Sassy-Maps#36008c57759562654caf938a93c874a9dbdd9d5e"
    }
  }
}
