{
	"requires": true,
	"lockfileVersion": 1,
	"dependencies": {
		"@webcomponents/custom-elements": {
			"version": "1.0.4",
			"resolved": "https://registry.npmjs.org/@webcomponents/custom-elements/-/custom-elements-1.0.4.tgz",
			"integrity": "sha512-klwpl/zR4JnVPDBbZYj52xqpPclxKyNGoCzpRuFAAEIUn4V1UCUuSrj5JhkAES4OoO90Z5glsrbZa2a4lNtLnw=="
		},
		"@webcomponents/shadycss": {
			"version": "1.0.6",
			"resolved": "https://registry.npmjs.org/@webcomponents/shadycss/-/shadycss-1.0.6.tgz",
			"integrity": "sha512-4yGifxIQkDzf3SRQIRE4e4cI09yawgZ6GHsnrkSLdohesKo4oMgxc5sF0wv2DQN7o7mCAjBYnunQXcHmC62qhw=="
		},
		"@webcomponents/shadydom": {
			"version": "github:webcomponents/shadydom#f6a7de3554da644805637677a9fdd3069c7ddc35"
		},
		"@webcomponents/template": {
			"version": "1.2.0",
			"resolved": "https://registry.npmjs.org/@webcomponents/template/-/template-1.2.0.tgz",
			"integrity": "sha512-ZpdypwSCOMD33XQEeuyiO/BG/VyLq+kC+yozm2e5qHs5j0PSPYdrM0Jpa0QN6yQpcuaX2YBKCbnVYSm2AyiKCg=="
		},
		"@webcomponents/webcomponents-platform": {
			"version": "1.0.0",
			"resolved": "https://registry.npmjs.org/@webcomponents/webcomponents-platform/-/webcomponents-platform-1.0.0.tgz",
			"integrity": "sha1-iHkUY4DdvsuGF+MiSX1Z53w/9Gg="
		},
		"@webcomponents/webcomponentsjs": {
			"version": "1.0.17",
			"resolved": "https://registry.npmjs.org/@webcomponents/webcomponentsjs/-/webcomponentsjs-1.0.17.tgz",
			"integrity": "sha512-u74a41l3NwkJIfSSJc1aWz9nzY/a8mVWdQ2bT0VuZmmyOCqVu/nTDHg5Emv14Kj5Os3u/OtjtcRa+PQTXRzgfA=="
		},
		"ansi-styles": {
			"version": "3.2.0",
			"resolved": "https://registry.npmjs.org/ansi-styles/-/ansi-styles-3.2.0.tgz",
			"integrity": "sha512-NnSOmMEYtVR2JVMIGTzynRkkaxtiq1xnFBcdQD/DnNCYPoEPsVJhM98BDyaoNOQIi7p4okdi3E27eN7GQbsUug==",
			"requires": {
				"color-convert": "1.9.0"
			}
		},
		"array-filter": {
			"version": "0.0.1",
			"resolved": "https://registry.npmjs.org/array-filter/-/array-filter-0.0.1.tgz",
			"integrity": "sha1-fajPLiZijtcygDWB/SH2fKzS7uw="
		},
		"array-map": {
			"version": "0.0.0",
			"resolved": "https://registry.npmjs.org/array-map/-/array-map-0.0.0.tgz",
			"integrity": "sha1-iKK6tz0c97zVwbEYoAP2b2ZfpmI="
		},
		"array-reduce": {
			"version": "0.0.0",
			"resolved": "https://registry.npmjs.org/array-reduce/-/array-reduce-0.0.0.tgz",
			"integrity": "sha1-FziZ0//Rx9k4PkR5Ul2+J4yrXys="
		},
		"balanced-match": {
			"version": "1.0.0",
			"resolved": "https://registry.npmjs.org/balanced-match/-/balanced-match-1.0.0.tgz",
			"integrity": "sha1-ibTRmasr7kneFk6gK4nORi1xt2c="
		},
		"brace-expansion": {
			"version": "1.1.8",
			"resolved": "https://registry.npmjs.org/brace-expansion/-/brace-expansion-1.1.8.tgz",
			"integrity": "sha1-wHshHHyVLsH479Uad+8NHTmQopI=",
			"requires": {
				"balanced-match": "1.0.0",
				"concat-map": "0.0.1"
			}
		},
		"builtin-modules": {
			"version": "1.1.1",
			"resolved": "https://registry.npmjs.org/builtin-modules/-/builtin-modules-1.1.1.tgz",
			"integrity": "sha1-Jw8HbFpywC9bZaR9+Uxf46J4iS8="
		},
		"chalk": {
			"version": "2.3.0",
			"resolved": "https://registry.npmjs.org/chalk/-/chalk-2.3.0.tgz",
			"integrity": "sha512-Az5zJR2CBujap2rqXGaJKaPHyJ0IrUimvYNX+ncCy8PJP4ltOGTrHUIo097ZaL2zMeKYpiCdqDvS6zdrTFok3Q==",
			"requires": {
				"ansi-styles": "3.2.0",
				"escape-string-regexp": "1.0.5",
				"supports-color": "4.5.0"
			}
		},
		"color-convert": {
			"version": "1.9.0",
			"resolved": "https://registry.npmjs.org/color-convert/-/color-convert-1.9.0.tgz",
			"integrity": "sha1-Gsz5fdc5uYO/mU1W/sj5WFNkG3o=",
			"requires": {
				"color-name": "1.1.3"
			}
		},
		"color-name": {
			"version": "1.1.3",
			"resolved": "https://registry.npmjs.org/color-name/-/color-name-1.1.3.tgz",
			"integrity": "sha1-p9BVi9icQveV3UIyj3QIMcpTvCU="
		},
		"concat-map": {
			"version": "0.0.1",
			"resolved": "https://registry.npmjs.org/concat-map/-/concat-map-0.0.1.tgz",
			"integrity": "sha1-2Klr13/Wjfd5OnMDajug1UBdR3s="
		},
		"core-js": {
			"version": "2.5.1",
			"resolved": "https://registry.npmjs.org/core-js/-/core-js-2.5.1.tgz",
			"integrity": "sha1-rmh03GaTd4m4B1T/VCjfZoGcpQs="
		},
		"core-util-is": {
			"version": "1.0.2",
			"resolved": "https://registry.npmjs.org/core-util-is/-/core-util-is-1.0.2.tgz",
			"integrity": "sha1-tf1UIgqivFq1eqtxQMlAdUUDwac="
		},
		"cross-spawn": {
			"version": "5.1.0",
			"resolved": "https://registry.npmjs.org/cross-spawn/-/cross-spawn-5.1.0.tgz",
			"integrity": "sha1-6L0O/uWPz/b4+UUQoKVUu/ojVEk=",
			"requires": {
				"lru-cache": "4.1.1",
				"shebang-command": "1.2.0",
				"which": "1.3.0"
			}
		},
		"define-properties": {
			"version": "1.1.2",
			"resolved": "https://registry.npmjs.org/define-properties/-/define-properties-1.1.2.tgz",
			"integrity": "sha1-g6c/L+pWmJj7c3GTyPhzyvbUXJQ=",
			"requires": {
				"foreach": "2.0.5",
				"object-keys": "1.0.11"
			}
		},
		"duplexer": {
			"version": "0.1.1",
			"resolved": "https://registry.npmjs.org/duplexer/-/duplexer-0.1.1.tgz",
			"integrity": "sha1-rOb/gIwc5mtX0ev5eXessCM0z8E="
		},
		"error-ex": {
			"version": "1.3.1",
			"resolved": "https://registry.npmjs.org/error-ex/-/error-ex-1.3.1.tgz",
			"integrity": "sha1-+FWobOYa3E6GIcPNoh56dhLDqNw=",
			"requires": {
				"is-arrayish": "0.2.1"
			}
		},
		"es-abstract": {
			"version": "1.9.0",
			"resolved": "https://registry.npmjs.org/es-abstract/-/es-abstract-1.9.0.tgz",
			"integrity": "sha512-kk3IJoKo7A3pWJc0OV8yZ/VEX2oSUytfekrJiqoxBlKJMFAJVJVpGdHClCCTdv+Fn2zHfpDHHIelMFhZVfef3Q==",
			"requires": {
				"es-to-primitive": "1.1.1",
				"function-bind": "1.1.1",
				"has": "1.0.1",
				"is-callable": "1.1.3",
				"is-regex": "1.0.4"
			}
		},
		"es-to-primitive": {
			"version": "1.1.1",
			"resolved": "https://registry.npmjs.org/es-to-primitive/-/es-to-primitive-1.1.1.tgz",
			"integrity": "sha1-RTVSSKiJeQNLZ5Lhm7gfK3l13Q0=",
			"requires": {
				"is-callable": "1.1.3",
				"is-date-object": "1.0.1",
				"is-symbol": "1.0.1"
			}
		},
		"escape-string-regexp": {
			"version": "1.0.5",
			"resolved": "https://registry.npmjs.org/escape-string-regexp/-/escape-string-regexp-1.0.5.tgz",
			"integrity": "sha1-G2HAViGQqN/2rjuyzwIAyhMLhtQ="
		},
		"event-stream": {
			"version": "3.3.4",
			"resolved": "https://registry.npmjs.org/event-stream/-/event-stream-3.3.4.tgz",
			"integrity": "sha1-SrTJoPWlTbkzi0w02Gv86PSzVXE=",
			"requires": {
				"duplexer": "0.1.1",
				"from": "0.1.7",
				"map-stream": "0.1.0",
				"pause-stream": "0.0.11",
				"split": "0.3.3",
				"stream-combiner": "0.0.4",
				"through": "2.3.8"
			}
		},
		"foreach": {
			"version": "2.0.5",
			"resolved": "https://registry.npmjs.org/foreach/-/foreach-2.0.5.tgz",
			"integrity": "sha1-C+4AUBiusmDQo6865ljdATbsG5k="
		},
		"from": {
			"version": "0.1.7",
			"resolved": "https://registry.npmjs.org/from/-/from-0.1.7.tgz",
			"integrity": "sha1-g8YK/Fi5xWmXAH7Rp2izqzA6RP4="
		},
		"function-bind": {
			"version": "1.1.1",
			"resolved": "https://registry.npmjs.org/function-bind/-/function-bind-1.1.1.tgz",
			"integrity": "sha512-yIovAzMX49sF8Yl58fSCWJ5svSLuaibPxXQJFLmBObTuCr0Mf1KiPopGM9NiFjiYBCbfaa2Fh6breQ6ANVTI0A=="
		},
		"graceful-fs": {
			"version": "4.1.11",
			"resolved": "https://registry.npmjs.org/graceful-fs/-/graceful-fs-4.1.11.tgz",
			"integrity": "sha1-Dovf5NHduIVNZOBOp8AOKgJuVlg="
		},
		"has": {
			"version": "1.0.1",
			"resolved": "https://registry.npmjs.org/has/-/has-1.0.1.tgz",
			"integrity": "sha1-hGFzP1OLCDfJNh45qauelwTcLyg=",
			"requires": {
				"function-bind": "1.1.1"
			}
		},
		"has-flag": {
			"version": "2.0.0",
			"resolved": "https://registry.npmjs.org/has-flag/-/has-flag-2.0.0.tgz",
			"integrity": "sha1-6CB68cx7MNRGzHC3NLXovhj4jVE="
		},
		"hosted-git-info": {
			"version": "2.5.0",
			"resolved": "https://registry.npmjs.org/hosted-git-info/-/hosted-git-info-2.5.0.tgz",
			"integrity": "sha512-pNgbURSuab90KbTqvRPsseaTxOJCZBD0a7t+haSN33piP9cCM4l0CqdzAif2hUqm716UovKB2ROmiabGAKVXyg=="
		},
		"inherits": {
			"version": "2.0.3",
			"resolved": "https://registry.npmjs.org/inherits/-/inherits-2.0.3.tgz",
			"integrity": "sha1-Yzwsg+PaQqUC9SRmAiSA9CCCYd4="
		},
		"is-arrayish": {
			"version": "0.2.1",
			"resolved": "https://registry.npmjs.org/is-arrayish/-/is-arrayish-0.2.1.tgz",
			"integrity": "sha1-d8mYQFJ6qOyxqLppe4BkWnqSap0="
		},
		"is-builtin-module": {
			"version": "1.0.0",
			"resolved": "https://registry.npmjs.org/is-builtin-module/-/is-builtin-module-1.0.0.tgz",
			"integrity": "sha1-VAVy0096wxGfj3bDDLwbHgN6/74=",
			"requires": {
				"builtin-modules": "1.1.1"
			}
		},
		"is-callable": {
			"version": "1.1.3",
			"resolved": "https://registry.npmjs.org/is-callable/-/is-callable-1.1.3.tgz",
			"integrity": "sha1-hut1OSgF3cM69xySoO7fdO52BLI="
		},
		"is-date-object": {
			"version": "1.0.1",
			"resolved": "https://registry.npmjs.org/is-date-object/-/is-date-object-1.0.1.tgz",
			"integrity": "sha1-mqIOtq7rv/d/vTPnTKAbM1gdOhY="
		},
		"is-regex": {
			"version": "1.0.4",
			"resolved": "https://registry.npmjs.org/is-regex/-/is-regex-1.0.4.tgz",
			"integrity": "sha1-VRdIm1RwkbCTDglWVM7SXul+lJE=",
			"requires": {
				"has": "1.0.1"
			}
		},
		"is-symbol": {
			"version": "1.0.1",
			"resolved": "https://registry.npmjs.org/is-symbol/-/is-symbol-1.0.1.tgz",
			"integrity": "sha1-PMWfAAJRlLarLjjbrmaJJWtmBXI="
		},
		"isarray": {
			"version": "0.0.1",
			"resolved": "https://registry.npmjs.org/isarray/-/isarray-0.0.1.tgz",
			"integrity": "sha1-ihis/Kmo9Bd+Cav8YDiTmwXR7t8="
		},
		"isexe": {
			"version": "2.0.0",
			"resolved": "https://registry.npmjs.org/isexe/-/isexe-2.0.0.tgz",
			"integrity": "sha1-6PvzdNxVb/iUehDcsFctYz8s+hA="
		},
		"jsonify": {
			"version": "0.0.0",
			"resolved": "https://registry.npmjs.org/jsonify/-/jsonify-0.0.0.tgz",
			"integrity": "sha1-LHS27kHZPKUbe1qu6PUDYx0lKnM="
		},
		"load-json-file": {
			"version": "2.0.0",
			"resolved": "https://registry.npmjs.org/load-json-file/-/load-json-file-2.0.0.tgz",
			"integrity": "sha1-eUfkIUmvgNaWy/eXvKq8/h/inKg=",
			"requires": {
				"graceful-fs": "4.1.11",
				"parse-json": "2.2.0",
				"pify": "2.3.0",
				"strip-bom": "3.0.0"
			}
		},
		"lru-cache": {
			"version": "4.1.1",
			"resolved": "https://registry.npmjs.org/lru-cache/-/lru-cache-4.1.1.tgz",
			"integrity": "sha512-q4spe4KTfsAS1SUHLO0wz8Qiyf1+vMIAgpRYioFYDMNqKfHQbg+AVDH3i4fvpl71/P1L0dBl+fQi+P37UYf0ew==",
			"requires": {
				"pseudomap": "1.0.2",
				"yallist": "2.1.2"
			}
		},
		"map-stream": {
			"version": "0.1.0",
			"resolved": "https://registry.npmjs.org/map-stream/-/map-stream-0.1.0.tgz",
			"integrity": "sha1-5WqpTEyAVaFkBKBnS3jyFffI4ZQ="
		},
		"memory-streams": {
			"version": "0.1.2",
			"resolved": "https://registry.npmjs.org/memory-streams/-/memory-streams-0.1.2.tgz",
			"integrity": "sha1-Jz/3d6tg/sWZsRY1UlUoLMosUMI=",
			"requires": {
				"readable-stream": "1.0.34"
			}
		},
		"minimatch": {
			"version": "3.0.4",
			"resolved": "https://registry.npmjs.org/minimatch/-/minimatch-3.0.4.tgz",
			"integrity": "sha512-yJHVQEhyqPLUTgt9B83PXu6W3rx4MvvHvSUvToogpwoGDOUQ+yDrR0HRot+yOCdCO7u4hX3pWft6kWBBcqh0UA==",
			"requires": {
				"brace-expansion": "1.1.8"
			}
		},
		"normalize-package-data": {
			"version": "2.4.0",
			"resolved": "https://registry.npmjs.org/normalize-package-data/-/normalize-package-data-2.4.0.tgz",
			"integrity": "sha512-9jjUFbTPfEy3R/ad/2oNbKtW9Hgovl5O1FvFWKkKblNXoN/Oou6+9+KKohPK13Yc3/TyunyWhJp6gvRNR/PPAw==",
			"requires": {
				"hosted-git-info": "2.5.0",
				"is-builtin-module": "1.0.0",
				"semver": "5.4.1",
				"validate-npm-package-license": "3.0.1"
			}
		},
		"npm-run-all": {
			"version": "4.1.1",
			"resolved": "https://registry.npmjs.org/npm-run-all/-/npm-run-all-4.1.1.tgz",
			"integrity": "sha512-qrmqqaJa+REbzUTIL/mHfTdgwz+gL1xUezY/ueyLa7GISZ4T3h0CH8D2r6AaZdCYN2unu7PzspP0ofpXla1ftg==",
			"requires": {
				"ansi-styles": "3.2.0",
				"chalk": "2.3.0",
				"cross-spawn": "5.1.0",
				"memory-streams": "0.1.2",
				"minimatch": "3.0.4",
				"ps-tree": "1.1.0",
				"read-pkg": "2.0.0",
				"shell-quote": "1.6.1",
				"string.prototype.padend": "3.0.0"
			}
		},
		"object-keys": {
			"version": "1.0.11",
			"resolved": "https://registry.npmjs.org/object-keys/-/object-keys-1.0.11.tgz",
			"integrity": "sha1-xUYBd4rVYPEULODgG8yotW0TQm0="
		},
		"parse-json": {
			"version": "2.2.0",
			"resolved": "https://registry.npmjs.org/parse-json/-/parse-json-2.2.0.tgz",
			"integrity": "sha1-9ID0BDTvgHQfhGkJn43qGPVaTck=",
			"requires": {
				"error-ex": "1.3.1"
			}
		},
		"path-type": {
			"version": "2.0.0",
			"resolved": "https://registry.npmjs.org/path-type/-/path-type-2.0.0.tgz",
			"integrity": "sha1-8BLMuEFbcJb8LaoQVMPXI4lZTHM=",
			"requires": {
				"pify": "2.3.0"
			}
		},
		"pause-stream": {
			"version": "0.0.11",
			"resolved": "https://registry.npmjs.org/pause-stream/-/pause-stream-0.0.11.tgz",
			"integrity": "sha1-/lo0sMvOErWqaitAPuLnO2AvFEU=",
			"requires": {
				"through": "2.3.8"
			}
		},
		"pify": {
			"version": "2.3.0",
			"resolved": "https://registry.npmjs.org/pify/-/pify-2.3.0.tgz",
			"integrity": "sha1-7RQaasBDqEnqWISY59yosVMw6Qw="
		},
		"ps-tree": {
			"version": "1.1.0",
			"resolved": "https://registry.npmjs.org/ps-tree/-/ps-tree-1.1.0.tgz",
			"integrity": "sha1-tCGyQUDWID8e08dplrRCewjowBQ=",
			"requires": {
				"event-stream": "3.3.4"
			}
		},
		"pseudomap": {
			"version": "1.0.2",
			"resolved": "https://registry.npmjs.org/pseudomap/-/pseudomap-1.0.2.tgz",
			"integrity": "sha1-8FKijacOYYkX7wqKw0wa5aaChrM="
		},
		"read-pkg": {
			"version": "2.0.0",
			"resolved": "https://registry.npmjs.org/read-pkg/-/read-pkg-2.0.0.tgz",
			"integrity": "sha1-jvHAYjxqbbDcZxPEv6xGMysjaPg=",
			"requires": {
				"load-json-file": "2.0.0",
				"normalize-package-data": "2.4.0",
				"path-type": "2.0.0"
			}
		},
		"readable-stream": {
			"version": "1.0.34",
			"resolved": "https://registry.npmjs.org/readable-stream/-/readable-stream-1.0.34.tgz",
			"integrity": "sha1-Elgg40vIQtLyqq+v5MKRbuMsFXw=",
			"requires": {
				"core-util-is": "1.0.2",
				"inherits": "2.0.3",
				"isarray": "0.0.1",
				"string_decoder": "0.10.31"
			}
		},
		"semver": {
			"version": "5.4.1",
			"resolved": "https://registry.npmjs.org/semver/-/semver-5.4.1.tgz",
			"integrity": "sha512-WfG/X9+oATh81XtllIo/I8gOiY9EXRdv1cQdyykeXK17YcUW3EXUAi2To4pcH6nZtJPr7ZOpM5OMyWJZm+8Rsg=="
		},
		"shebang-command": {
			"version": "1.2.0",
			"resolved": "https://registry.npmjs.org/shebang-command/-/shebang-command-1.2.0.tgz",
			"integrity": "sha1-RKrGW2lbAzmJaMOfNj/uXer98eo=",
			"requires": {
				"shebang-regex": "1.0.0"
			}
		},
		"shebang-regex": {
			"version": "1.0.0",
			"resolved": "https://registry.npmjs.org/shebang-regex/-/shebang-regex-1.0.0.tgz",
			"integrity": "sha1-2kL0l0DAtC2yypcoVxyxkMmO/qM="
		},
		"shell-quote": {
			"version": "1.6.1",
			"resolved": "https://registry.npmjs.org/shell-quote/-/shell-quote-1.6.1.tgz",
			"integrity": "sha1-9HgZSczkAmlxJ0MOo7PFR29IF2c=",
			"requires": {
				"array-filter": "0.0.1",
				"array-map": "0.0.0",
				"array-reduce": "0.0.0",
				"jsonify": "0.0.0"
			}
		},
		"skatejs": {
			"version": "5.0.0-beta.3",
			"resolved": "https://registry.npmjs.org/skatejs/-/skatejs-5.0.0-beta.3.tgz",
			"integrity": "sha512-9lSbgSWb9N32Vq7DSedpP6Sk56y4p7movNitTZn3qFxdU+MwxSTWttoW+yiR1j3AkQ4JJ0i2g+n/zDc4EpRS3g=="
		},
		"spdx-correct": {
			"version": "1.0.2",
			"resolved": "https://registry.npmjs.org/spdx-correct/-/spdx-correct-1.0.2.tgz",
			"integrity": "sha1-SzBz2TP/UfORLwOsVRlJikFQ20A=",
			"requires": {
				"spdx-license-ids": "1.2.2"
			}
		},
		"spdx-expression-parse": {
			"version": "1.0.4",
			"resolved": "https://registry.npmjs.org/spdx-expression-parse/-/spdx-expression-parse-1.0.4.tgz",
			"integrity": "sha1-m98vIOH0DtRH++JzJmGR/O1RYmw="
		},
		"spdx-license-ids": {
			"version": "1.2.2",
			"resolved": "https://registry.npmjs.org/spdx-license-ids/-/spdx-license-ids-1.2.2.tgz",
			"integrity": "sha1-yd96NCRZSt5r0RkA1ZZpbcBrrFc="
		},
		"split": {
			"version": "0.3.3",
			"resolved": "https://registry.npmjs.org/split/-/split-0.3.3.tgz",
			"integrity": "sha1-zQ7qXmOiEd//frDwkcQTPi0N0o8=",
			"requires": {
				"through": "2.3.8"
			}
		},
		"stream-combiner": {
			"version": "0.0.4",
			"resolved": "https://registry.npmjs.org/stream-combiner/-/stream-combiner-0.0.4.tgz",
			"integrity": "sha1-TV5DPBhSYd3mI8o/RMWGvPXErRQ=",
			"requires": {
				"duplexer": "0.1.1"
			}
		},
		"string.prototype.padend": {
			"version": "3.0.0",
			"resolved": "https://registry.npmjs.org/string.prototype.padend/-/string.prototype.padend-3.0.0.tgz",
			"integrity": "sha1-86rvfBcZ8XDF6rHDK/eA2W4h8vA=",
			"requires": {
				"define-properties": "1.1.2",
				"es-abstract": "1.9.0",
				"function-bind": "1.1.1"
			}
		},
		"string_decoder": {
			"version": "0.10.31",
			"resolved": "https://registry.npmjs.org/string_decoder/-/string_decoder-0.10.31.tgz",
			"integrity": "sha1-YuIDvEF2bGwoyfyEMB2rHFMQ+pQ="
		},
		"strip-bom": {
			"version": "3.0.0",
			"resolved": "https://registry.npmjs.org/strip-bom/-/strip-bom-3.0.0.tgz",
			"integrity": "sha1-IzTBjpx1n3vdVv3vfprj1YjmjtM="
		},
		"supports-color": {
			"version": "4.5.0",
			"resolved": "https://registry.npmjs.org/supports-color/-/supports-color-4.5.0.tgz",
			"integrity": "sha1-vnoN5ITexcXN34s9WRJQRJEvY1s=",
			"requires": {
				"has-flag": "2.0.0"
			}
		},
		"through": {
			"version": "2.3.8",
			"resolved": "https://registry.npmjs.org/through/-/through-2.3.8.tgz",
			"integrity": "sha1-DdTJ/6q8NXlgsbckEV1+Doai4fU="
		},
		"validate-npm-package-license": {
			"version": "3.0.1",
			"resolved": "https://registry.npmjs.org/validate-npm-package-license/-/validate-npm-package-license-3.0.1.tgz",
			"integrity": "sha1-KAS6vnEq0zeUWaz74kdGqywwP7w=",
			"requires": {
				"spdx-correct": "1.0.2",
				"spdx-expression-parse": "1.0.4"
			}
		},
		"which": {
			"version": "1.3.0",
			"resolved": "https://registry.npmjs.org/which/-/which-1.3.0.tgz",
			"integrity": "sha512-xcJpopdamTuY5duC/KnTTNBraPK54YwpenP4lzxU8H91GudWpFv38u0CKjclE1Wi2EH2EDz5LRcHcKbCIzqGyg==",
			"requires": {
				"isexe": "2.0.0"
			}
		},
		"yallist": {
			"version": "2.1.2",
			"resolved": "https://registry.npmjs.org/yallist/-/yallist-2.1.2.tgz",
			"integrity": "sha1-HBH5IY8HYImkfdUS+TxmmaaoHVI="
		}
	}
}
