{
	"requires": true,
	"lockfileVersion": 1,
	"dependencies": {
		"eslint-config-airbnb-base": {
			"version": "11.3.2",
			"resolved": "https://registry.npmjs.org/eslint-config-airbnb-base/-/eslint-config-airbnb-base-11.3.2.tgz",
			"integrity": "sha512-/fhjt/VqzBA2SRsx7ErDtv6Ayf+XLw9LIOqmpBuHFCVwyJo2EtzGWMB9fYRFBoWWQLxmNmCpenNiH0RxyeS41w==",
			"requires": {
				"eslint-restricted-globals": "0.1.1"
			}
		},
		"eslint-restricted-globals": {
			"version": "0.1.1",
			"resolved": "https://registry.npmjs.org/eslint-restricted-globals/-/eslint-restricted-globals-0.1.1.tgz",
			"integrity": "sha1-NfDVy8ZMLj7WLpO0saevBbp+1Nc="
		}
	}
}
