{
  "requires": true,
  "lockfileVersion": 1,
  "dependencies": {
    "@webcomponents/custom-elements": {
      "version": "1.0.8",
      "resolved": "https://registry.npmjs.org/@webcomponents/custom-elements/-/custom-elements-1.0.8.tgz",
      "integrity": "sha512-BPJillR1En1rsbQY3sdHL8o67fRjFqVrbusL395ei4Y5miZEGyQOsVAH9rZR5Vbutkt4lSepdfJFiTl5f6/Lkw=="
    },
    "@webcomponents/shadycss": {
      "version": "1.1.1",
      "resolved": "https://registry.npmjs.org/@webcomponents/shadycss/-/shadycss-1.1.1.tgz",
      "integrity": "sha512-7iVMw1HU0e5tTxL1OIqw/RBGmnYuz1HUNd7t1UYq7VmoBOl5Zm4g3spUBSksyd97SiXauFlXAeSpA0/in9k+dw=="
    },
    "@webcomponents/template": {
      "version": "1.2.2",
      "resolved": "https://registry.npmjs.org/@webcomponents/template/-/template-1.2.2.tgz",
      "integrity": "sha512-UEEZZ3Ex/4oM47KWAl+TxvaqxirXdJ2a/vFtqXXBc9+F3Xjq9BR2NrqeXMv65bDf+dkndPnzYoseWIitUcIlbA=="
    }
  }
}
