{
  "requires": true,
  "lockfileVersion": 1,
  "dependencies": {
    "skatejs": {
      "version": "5.0.0",
      "resolved": "https://registry.npmjs.org/skatejs/-/skatejs-5.0.0.tgz",
      "integrity": "sha512-ZVflH0zYWCswlvJVJ50TJE+S4eY8BRPHXlYyFm0K8GWspjWrM27M456HNfxzGFSQ7zRc7jm4O0L7oS5mc+SUeA=="
    }
  }
}
