{
  "requires": true,
  "lockfileVersion": 1,
  "dependencies": {
    "@skatejs/renderer-preact": {
      "version": "0.1.0",
      "resolved": "https://registry.npmjs.org/@skatejs/renderer-preact/-/renderer-preact-0.1.0.tgz",
      "integrity": "sha512-dtiG1tbvRki2LGXx7OF/rXVCwS5XgUjB8UCin2gbTW3S0wKLTXHngDEJ0tX4g/PEPjJJVP2ENHY4vLoqwloIAg=="
    },
    "@webcomponents/custom-elements": {
      "version": "1.0.4",
      "resolved": "https://registry.npmjs.org/@webcomponents/custom-elements/-/custom-elements-1.0.4.tgz",
      "integrity": "sha512-klwpl/zR4JnVPDBbZYj52xqpPclxKyNGoCzpRuFAAEIUn4V1UCUuSrj5JhkAES4OoO90Z5glsrbZa2a4lNtLnw=="
    },
    "@webcomponents/shadycss": {
      "version": "1.0.6",
      "resolved": "https://registry.npmjs.org/@webcomponents/shadycss/-/shadycss-1.0.6.tgz",
      "integrity": "sha512-4yGifxIQkDzf3SRQIRE4e4cI09yawgZ6GHsnrkSLdohesKo4oMgxc5sF0wv2DQN7o7mCAjBYnunQXcHmC62qhw=="
    },
    "@webcomponents/shadydom": {
      "version": "github:bolt-design-system/shadydom#5ce5a74abe7fc71064d7d46a989213e6b41ede97"
    },
    "@webcomponents/template": {
      "version": "1.2.0",
      "resolved": "https://registry.npmjs.org/@webcomponents/template/-/template-1.2.0.tgz",
      "integrity": "sha512-ZpdypwSCOMD33XQEeuyiO/BG/VyLq+kC+yozm2e5qHs5j0PSPYdrM0Jpa0QN6yQpcuaX2YBKCbnVYSm2AyiKCg=="
    },
    "@webcomponents/webcomponents-platform": {
      "version": "1.0.0",
      "resolved": "https://registry.npmjs.org/@webcomponents/webcomponents-platform/-/webcomponents-platform-1.0.0.tgz",
      "integrity": "sha1-iHkUY4DdvsuGF+MiSX1Z53w/9Gg="
    },
    "@webcomponents/webcomponentsjs": {
      "version": "1.0.18",
      "resolved": "https://registry.npmjs.org/@webcomponents/webcomponentsjs/-/webcomponentsjs-1.0.18.tgz",
      "integrity": "sha512-F/Gn3zcJMc0FaxedKPyOKoiIQxg5p9HyDwRC1VRBvAc7+FA6oBDf39GqWsZ9nKtarsx1RslwkrHDIHLYETdIAA=="
    },
    "core-js": {
      "version": "2.5.1",
      "resolved": "https://registry.npmjs.org/core-js/-/core-js-2.5.1.tgz",
      "integrity": "sha1-rmh03GaTd4m4B1T/VCjfZoGcpQs="
    },
    "es6-promise": {
      "version": "4.1.1",
      "resolved": "https://registry.npmjs.org/es6-promise/-/es6-promise-4.1.1.tgz",
      "integrity": "sha512-OaU1hHjgJf+b0NzsxCg7NdIYERD6Hy/PEmFLTjw+b65scuisG3Kt4QoTvJ66BBkPZ581gr0kpoVzKnxniM8nng=="
    },
    "preact": {
      "version": "8.2.6",
      "resolved": "https://registry.npmjs.org/preact/-/preact-8.2.6.tgz",
      "integrity": "sha1-ACi0Ju+Y/Mp0Gjxhf/W4E7mpR8c="
    },
    "skatejs": {
      "version": "5.0.0-beta.3",
      "resolved": "https://registry.npmjs.org/skatejs/-/skatejs-5.0.0-beta.3.tgz",
      "integrity": "sha512-9lSbgSWb9N32Vq7DSedpP6Sk56y4p7movNitTZn3qFxdU+MwxSTWttoW+yiR1j3AkQ4JJ0i2g+n/zDc4EpRS3g=="
    }
  }
}
