{
	"requires": true,
	"lockfileVersion": 1,
	"dependencies": {
		"skatejs": {
			"version": "5.0.0-beta.4",
			"resolved": "https://registry.npmjs.org/skatejs/-/skatejs-5.0.0-beta.4.tgz",
			"integrity": "sha512-Y8ZMCieef/0y+NZox3IhVaXBeekd9pF/rXmWE6vTNBkBPMEvaRYKebkSK9xE0jcQQUjhVvsTngdW130L4nbQeA=="
		}
	}
}
