{
	"requires": true,
	"lockfileVersion": 1,
	"dependencies": {
		"@bolt/core": {
			"version": "0.5.0-alpha.2",
			"resolved": "https://registry.npmjs.org/@bolt/core/-/core-0.5.0-alpha.2.tgz",
			"integrity": "sha512-P1nhUxLywniYQX/hNzbFmz83E2XAhnPrI4+5KwP72sbbARk2gAez6yN/7HQ2XZEd8qIAuFLXH7CSrvcZwAJ+Sw==",
			"requires": {
				"@bolt/core-data": "0.2.0-alpha.97d5bc9b",
				"@webcomponents/custom-elements": "1.0.6",
				"@webcomponents/shadycss": "1.1.0",
				"@webcomponents/shadydom": "github:bolt-design-system/shadydom#5ce5a74abe7fc71064d7d46a989213e6b41ede97",
				"@webcomponents/template": "1.2.0",
				"@webcomponents/webcomponents-platform": "1.0.0",
				"@webcomponents/webcomponentsjs": "1.0.20",
				"core-js": "2.5.3",
				"es6-promise": "4.1.1",
				"preact": "8.2.7",
				"skatejs": "5.0.0",
				"yocss": "0.5.1"
			},
			"dependencies": {
				"@bolt/core-data": {
					"version": "0.2.0-alpha.97d5bc9b",
					"resolved": "https://registry.npmjs.org/@bolt/core-data/-/core-data-0.2.0-alpha.97d5bc9b.tgz",
					"integrity": "sha512-krHe2gcf2qQm7VB+hVH6q+EO724HSbKCU8Vd+wjAnGKMMfM1IoP26eZDz9pK65AKZ/mAOuBAF7MC09KmY5P1cQ=="
				},
				"@webcomponents/custom-elements": {
					"version": "1.0.6",
					"resolved": "https://registry.npmjs.org/@webcomponents/custom-elements/-/custom-elements-1.0.6.tgz",
					"integrity": "sha512-ui44vEHIMkt0tpx+CPU0kRcL7afhdAzqcnglgGrGfIJ7AUcdrJMzLpA54Lcos4tsvEIBsmei26716k5eXbo18w=="
				},
				"@webcomponents/shadycss": {
					"version": "1.1.0",
					"resolved": "https://registry.npmjs.org/@webcomponents/shadycss/-/shadycss-1.1.0.tgz",
					"integrity": "sha512-BtnVvNBTyB3f519KW/rSSXsYe2Nz6pLhMyLMFTS/t4IsqWRsWd5IZNqmY+Ic0a5XbD1B7anKaIWEaCM5b65W0w=="
				},
				"@webcomponents/shadydom": {
					"version": "github:bolt-design-system/shadydom#5ce5a74abe7fc71064d7d46a989213e6b41ede97"
				},
				"@webcomponents/template": {
					"version": "1.2.0",
					"resolved": "https://registry.npmjs.org/@webcomponents/template/-/template-1.2.0.tgz",
					"integrity": "sha512-ZpdypwSCOMD33XQEeuyiO/BG/VyLq+kC+yozm2e5qHs5j0PSPYdrM0Jpa0QN6yQpcuaX2YBKCbnVYSm2AyiKCg=="
				},
				"@webcomponents/webcomponents-platform": {
					"version": "1.0.0",
					"resolved": "https://registry.npmjs.org/@webcomponents/webcomponents-platform/-/webcomponents-platform-1.0.0.tgz",
					"integrity": "sha1-iHkUY4DdvsuGF+MiSX1Z53w/9Gg="
				},
				"@webcomponents/webcomponentsjs": {
					"version": "1.0.20",
					"resolved": "https://registry.npmjs.org/@webcomponents/webcomponentsjs/-/webcomponentsjs-1.0.20.tgz",
					"integrity": "sha512-Ady8WFcEVcFS/hfMto5EBwqTUViNsVYErbXImD9jH808yjSqELPsRxQ4PlpP0qBObSmKwJyl3jq0C3tZOhbLGQ=="
				},
				"core-js": {
					"version": "2.5.3",
					"resolved": "https://registry.npmjs.org/core-js/-/core-js-2.5.3.tgz",
					"integrity": "sha1-isw4NFgk8W2DZbfJtCWRaOjtYD4="
				},
				"es6-promise": {
					"version": "4.1.1",
					"resolved": "https://registry.npmjs.org/es6-promise/-/es6-promise-4.1.1.tgz",
					"integrity": "sha512-OaU1hHjgJf+b0NzsxCg7NdIYERD6Hy/PEmFLTjw+b65scuisG3Kt4QoTvJ66BBkPZ581gr0kpoVzKnxniM8nng=="
				},
				"preact": {
					"version": "8.2.7",
					"resolved": "https://registry.npmjs.org/preact/-/preact-8.2.7.tgz",
					"integrity": "sha512-m34Ke8U32HyKRVzUOCAcaiIBLR2ye6syiuRclU5DxyixDPDFqdLbIElhERBrF6gDbPKQR+Vpv5bZ9CCbvN6pdQ=="
				},
				"skatejs": {
					"version": "5.0.0",
					"resolved": "https://registry.npmjs.org/skatejs/-/skatejs-5.0.0.tgz",
					"integrity": "sha512-ZVflH0zYWCswlvJVJ50TJE+S4eY8BRPHXlYyFm0K8GWspjWrM27M456HNfxzGFSQ7zRc7jm4O0L7oS5mc+SUeA=="
				},
				"yocss": {
					"version": "0.5.1",
					"resolved": "https://registry.npmjs.org/yocss/-/yocss-0.5.1.tgz",
					"integrity": "sha512-BgGVC8QNO0cFWK4ecyaq3HOyk3ANJTU2smpeHWrN7nK2/nQ6uQsNIn0xWGbQxvr+f4g6yaEOszL+oHs5ueN/Sw=="
				}
			}
		}
	}
}
