{
	"requires": true,
	"lockfileVersion": 1,
	"dependencies": {
		"@bolt/settings-global": {
			"version": "0.6.0",
			"resolved": "https://registry.npmjs.org/@bolt/settings-global/-/settings-global-0.6.0.tgz",
			"integrity": "sha512-HMjax9r86aLl0MyF8ecA2SBBgLcONpguk8gT23ForvYXetQtNlzFt+oA6ohTQ0OgTPYtF1NPRR/CsKWCP/aOjA=="
		}
	}
}
