{
  "name": "@bolt/global",
  "version": "0.5.0",
  "lockfileVersion": 1,
  "requires": true,
  "dependencies": {
    "@bolt/core": {
      "version": "0.4.1",
      "resolved": "https://registry.npmjs.org/@bolt/core/-/core-0.4.1.tgz",
      "integrity": "sha512-9stXGg/7xQT97ed0lZZWq2A3EeRqZqtaWG3PCCE9M9e84Fcb6e9gQfJDvU5GxMCZXb5TqAf74qOWI1MBdUfF1A==",
      "requires": {
        "@bolt/core-data": "0.1.2",
        "@skatejs/renderer-lit-html": "0.1.1",
        "@skatejs/renderer-preact": "0.1.0",
        "@webcomponents/custom-elements": "1.0.6",
        "@webcomponents/shadycss": "1.1.0",
        "@webcomponents/shadydom": "github:bolt-design-system/shadydom#5ce5a74abe7fc71064d7d46a989213e6b41ede97",
        "@webcomponents/template": "1.2.2",
        "@webcomponents/webcomponents-platform": "1.0.0",
        "@webcomponents/webcomponentsjs": "1.0.22",
        "core-js": "2.5.3",
        "es6-promise": "4.2.2",
        "lit-html": "0.7.1",
        "preact": "8.2.7",
        "skatejs": "5.1.1"
      }
    },
    "@bolt/core-data": {
      "version": "0.1.2",
      "resolved": "https://registry.npmjs.org/@bolt/core-data/-/core-data-0.1.2.tgz",
      "integrity": "sha512-DrtZoOeSRdL4Wax55DPCyGH1GanL+qozfiydbJPkLkq8BM9b4A7knwwj31EyIgrZv5+kcX0rpJrWH91d02lomQ=="
    },
    "@skatejs/renderer-lit-html": {
      "version": "0.1.1",
      "resolved": "https://registry.npmjs.org/@skatejs/renderer-lit-html/-/renderer-lit-html-0.1.1.tgz",
      "integrity": "sha512-MvVw2AiAvECgkfLSMZeAIii8CKjpyDmHRokPS4QW2Jt53CZM5tl8ZazuXQ2gyp7coWg5wNd0OytKIgm2xWDHMw=="
    },
    "@skatejs/renderer-preact": {
      "version": "0.1.0",
      "resolved": "https://registry.npmjs.org/@skatejs/renderer-preact/-/renderer-preact-0.1.0.tgz",
      "integrity": "sha512-dtiG1tbvRki2LGXx7OF/rXVCwS5XgUjB8UCin2gbTW3S0wKLTXHngDEJ0tX4g/PEPjJJVP2ENHY4vLoqwloIAg=="
    },
    "@webcomponents/custom-elements": {
      "version": "1.0.6",
      "resolved": "https://registry.npmjs.org/@webcomponents/custom-elements/-/custom-elements-1.0.6.tgz",
      "integrity": "sha512-ui44vEHIMkt0tpx+CPU0kRcL7afhdAzqcnglgGrGfIJ7AUcdrJMzLpA54Lcos4tsvEIBsmei26716k5eXbo18w=="
    },
    "@webcomponents/shadycss": {
      "version": "1.1.0",
      "resolved": "https://registry.npmjs.org/@webcomponents/shadycss/-/shadycss-1.1.0.tgz",
      "integrity": "sha512-BtnVvNBTyB3f519KW/rSSXsYe2Nz6pLhMyLMFTS/t4IsqWRsWd5IZNqmY+Ic0a5XbD1B7anKaIWEaCM5b65W0w=="
    },
    "@webcomponents/shadydom": {
      "version": "github:bolt-design-system/shadydom#5ce5a74abe7fc71064d7d46a989213e6b41ede97"
    },
    "@webcomponents/template": {
      "version": "1.2.2",
      "resolved": "https://registry.npmjs.org/@webcomponents/template/-/template-1.2.2.tgz",
      "integrity": "sha512-UEEZZ3Ex/4oM47KWAl+TxvaqxirXdJ2a/vFtqXXBc9+F3Xjq9BR2NrqeXMv65bDf+dkndPnzYoseWIitUcIlbA=="
    },
    "@webcomponents/webcomponents-platform": {
      "version": "1.0.0",
      "resolved": "https://registry.npmjs.org/@webcomponents/webcomponents-platform/-/webcomponents-platform-1.0.0.tgz",
      "integrity": "sha1-iHkUY4DdvsuGF+MiSX1Z53w/9Gg="
    },
    "@webcomponents/webcomponentsjs": {
      "version": "1.0.22",
      "resolved": "https://registry.npmjs.org/@webcomponents/webcomponentsjs/-/webcomponentsjs-1.0.22.tgz",
      "integrity": "sha512-VREMJxIe5ydR6LdMpg27ojyfL635jH03680na5X2LNLY2UF1GOzNrNOAVaEf2mr+SDUpc9Rey+gt+qCvtbCGhQ=="
    },
    "core-js": {
      "version": "2.5.3",
      "resolved": "https://registry.npmjs.org/core-js/-/core-js-2.5.3.tgz",
      "integrity": "sha1-isw4NFgk8W2DZbfJtCWRaOjtYD4="
    },
    "es6-promise": {
      "version": "4.2.2",
      "resolved": "https://registry.npmjs.org/es6-promise/-/es6-promise-4.2.2.tgz",
      "integrity": "sha512-LSas5vsuA6Q4nEdf9wokY5/AJYXry98i0IzXsv49rYsgDGDNDPbqAYR1Pe23iFxygfbGZNR/5VrHXBCh2BhvUQ=="
    },
    "lit-html": {
      "version": "0.7.1",
      "resolved": "https://registry.npmjs.org/lit-html/-/lit-html-0.7.1.tgz",
      "integrity": "sha512-8L4kJaaE2sMUtaAOPr75tsgAakNIGUtroHsW4KpMO0LtLpjJXPt0WkS7guY3PB0MhM9mvIOCY/D9KamPB7GnDw=="
    },
    "preact": {
      "version": "8.2.7",
      "resolved": "https://registry.npmjs.org/preact/-/preact-8.2.7.tgz",
      "integrity": "sha512-m34Ke8U32HyKRVzUOCAcaiIBLR2ye6syiuRclU5DxyixDPDFqdLbIElhERBrF6gDbPKQR+Vpv5bZ9CCbvN6pdQ=="
    },
    "skatejs": {
      "version": "5.1.1",
      "resolved": "https://registry.npmjs.org/skatejs/-/skatejs-5.1.1.tgz",
      "integrity": "sha512-P3hEsQaaICfk65bI4jyXbtHptD2799UPO4/xsdnP/yklfmGTRh8nSdVNO1ZNq3dvc6xfVkGQzbaN7qLNlR9JvA=="
    }
  }
}
