{
	"requires": true,
	"lockfileVersion": 1,
	"dependencies": {
		"breakpoint-sass": {
			"version": "2.7.1",
			"resolved": "https://registry.npmjs.org/breakpoint-sass/-/breakpoint-sass-2.7.1.tgz",
			"integrity": "sha1-jvbEdE3MJbqD2Wm2yaF+XaopmAo="
		},
		"breakpoint-slicer": {
			"version": "github:bolt-design-system/breakpoint-slicer#bd7dfba42a24f513c688247553f8057567b6f30c"
		}
	}
}
