{
	"requires": true,
	"lockfileVersion": 1,
	"dependencies": {
		"@bolt/settings-font-weight": {
			"version": "0.1.0-beta.2",
			"resolved": "https://registry.npmjs.org/@bolt/settings-font-weight/-/settings-font-weight-0.1.0-beta.2.tgz",
			"integrity": "sha512-+5rUC8NiVYLk3KOGLve/GaQGJpRJGC37wYq7u/FqPCfG0FYv8hFRq9fC8mkQqJ5wLkFmWXBQS47/5D4wocFvew=="
		}
	}
}
