{
  "requires": true,
  "lockfileVersion": 1,
  "dependencies": {
    "incremental-dom": {
      "version": "0.4.1",
      "resolved": "https://registry.npmjs.org/incremental-dom/-/incremental-dom-0.4.1.tgz",
      "integrity": "sha1-gOsVGWm9UgVNwppHIMTomr0QNAE="
    },
    "skatejs": {
      "version": "4.6.7",
      "resolved": "https://registry.npmjs.org/skatejs/-/skatejs-4.6.7.tgz",
      "integrity": "sha1-ZV2HvT+BNaTk1uHJ2a/Ug9u0Cus=",
      "requires": {
        "incremental-dom": "0.4.1"
      }
    }
  }
}
