# THIS IS AN AUTOGENERATED FILE. DO NOT EDIT THIS FILE DIRECTLY.
# yarn lockfile v1


"@bolt/components-action-blocks@0.3.0-alpha.f4009816":
  version "0.3.0-alpha.f4009816"
  resolved "https://registry.yarnpkg.com/@bolt/components-action-blocks/-/components-action-blocks-0.3.0-alpha.f4009816.tgz#647dd796f59de9df9d80ce290ede570b8b604388"
