{
	"requires": true,
	"lockfileVersion": 1,
	"dependencies": {
		"colors": {
			"version": "1.1.2",
			"resolved": "https://registry.npmjs.org/colors/-/colors-1.1.2.tgz",
			"integrity": "sha1-FopHAXVran9RoSzgyXv6KMCE7WM="
		},
		"exec-php": {
			"version": "0.0.3",
			"resolved": "https://registry.npmjs.org/exec-php/-/exec-php-0.0.3.tgz",
			"integrity": "sha1-oKvQ7d90ATr2jwdVX9UfoOUicj4=",
			"requires": {
				"tmp": "0.0.24"
			}
		},
		"tmp": {
			"version": "0.0.24",
			"resolved": "https://registry.npmjs.org/tmp/-/tmp-0.0.24.tgz",
			"integrity": "sha1-1qXhmNFKmDXMby18PZ4wJCjIzxI="
		},
		"trim": {
			"version": "0.0.1",
			"resolved": "https://registry.npmjs.org/trim/-/trim-0.0.1.tgz",
			"integrity": "sha1-WFhUf2spB1fulczMZm+1AITEYN0="
		}
	}
}
