# THIS IS AN AUTOGENERATED FILE. DO NOT EDIT THIS FILE DIRECTLY.
# yarn lockfile v1


"@bolt/setting-colors@^0.1.0":
  version "0.1.0"
  resolved "https://registry.yarnpkg.com/@bolt/setting-colors/-/setting-colors-0.1.0.tgz#a473ffb6975fbec53321c5e31711be33bb17c647"
  dependencies:
    "@bolt/setting-module-manager" "^0.1.0"

"@bolt/setting-global@^0.1.0":
  version "0.1.0"
  resolved "https://registry.yarnpkg.com/@bolt/setting-global/-/setting-global-0.1.0.tgz#588a59817b464475cd97eb502f2e55ee4268b2db"
  dependencies:
    "@bolt/setting-module-manager" "^0.1.0"

"@bolt/setting-modular-scale@^0.1.0":
  version "0.1.0"
  resolved "https://registry.yarnpkg.com/@bolt/setting-modular-scale/-/setting-modular-scale-0.1.0.tgz#ce9e94ab1e83f6855e0ddbad8d3bd67e3fce8bb8"
  dependencies:
    modularscale-sass "^3.0.3"

"@bolt/setting-module-manager@^0.1.0":
  version "0.1.0"
  resolved "https://registry.yarnpkg.com/@bolt/setting-module-manager/-/setting-module-manager-0.1.0.tgz#accfe8c6bfccc7252c037ff3b59f578c5dd85d71"
  dependencies:
    sass-versioning "^0.2.2"

"@bolt/tool-strip-unit@^0.1.0":
  version "0.1.0"
  resolved "https://registry.yarnpkg.com/@bolt/tool-strip-unit/-/tool-strip-unit-0.1.0.tgz#43a0a341e7656c9055f8977a9ddc2fbc98125f6c"
  dependencies:
    "@bolt/setting-module-manager" "^0.1.0"

"@bolt/tools-button-color@^0.1.0":
  version "0.1.0"
  resolved "https://registry.yarnpkg.com/@bolt/tools-button-color/-/tools-button-color-0.1.0.tgz#ed173759aaa03fa01dd925d75805dfec7df59a21"
  dependencies:
    "@bolt/tools-text-contrast" "^0.1.0"

"@bolt/tools-color-palette@^0.1.0":
  version "0.1.0"
  resolved "https://registry.yarnpkg.com/@bolt/tools-color-palette/-/tools-color-palette-0.1.0.tgz#a469eaf7434633bc8fa3522f03c56bc87f8f34c8"
  dependencies:
    "@bolt/setting-colors" "^0.1.0"
    "@bolt/setting-module-manager" "^0.1.0"
    "@bolt/tools-sassy-maps" "^0.1.0"

"@bolt/tools-font-size@^0.1.0":
  version "0.1.0"
  resolved "https://registry.yarnpkg.com/@bolt/tools-font-size/-/tools-font-size-0.1.0.tgz#5b9cc199e5e8d01ae3b6cc4b76c6dc5954d60f7d"
  dependencies:
    "@bolt/setting-global" "^0.1.0"
    "@bolt/setting-modular-scale" "^0.1.0"
    "@bolt/setting-module-manager" "^0.1.0"
    "@bolt/tool-strip-unit" "^0.1.0"
    "@bolt/tools-sassy-maps" "^0.1.0"

"@bolt/tools-font-weight@^0.1.0":
  version "0.1.0"
  resolved "https://registry.yarnpkg.com/@bolt/tools-font-weight/-/tools-font-weight-0.1.0.tgz#e4bb7fa2bb7f3294c728a9fb517954ef33ec6a41"
  dependencies:
    "@bolt/setting-module-manager" "^0.1.0"

"@bolt/tools-no-select@^0.1.0":
  version "0.1.0"
  resolved "https://registry.yarnpkg.com/@bolt/tools-no-select/-/tools-no-select-0.1.0.tgz#0eeb56be60f2b0768cec2ca5ffed9562a405305e"
  dependencies:
    "@bolt/setting-module-manager" "^0.1.0"

"@bolt/tools-sassy-maps@^0.1.0":
  version "0.1.0"
  resolved "https://registry.yarnpkg.com/@bolt/tools-sassy-maps/-/tools-sassy-maps-0.1.0.tgz#23cfbf797d3b0ef1eb13bbcf8271912600c0243f"
  dependencies:
    "@bolt/setting-module-manager" "^0.1.0"
    sassy-maps "github:at-import/Sassy-Maps#0.x.x"

"@bolt/tools-text-contrast@^0.1.0":
  version "0.1.0"
  resolved "https://registry.yarnpkg.com/@bolt/tools-text-contrast/-/tools-text-contrast-0.1.0.tgz#6d4502ae632f06e59abcbdf585646e8f07413101"
  dependencies:
    "@bolt/setting-module-manager" "^0.1.0"
    "@bolt/tools-color-palette" "^0.1.0"

modularscale-sass@^3.0.3:
  version "3.0.3"
  resolved "https://registry.yarnpkg.com/modularscale-sass/-/modularscale-sass-3.0.3.tgz#f51bd7e4ed3bc42566dfd2c1c3c11f80fb5de958"

sass-versioning@^0.2.2:
  version "0.2.2"
  resolved "https://registry.yarnpkg.com/sass-versioning/-/sass-versioning-0.2.2.tgz#6af27dd261b90f4fa426fa9eb8215ef8289c1377"

"sassy-maps@github:at-import/Sassy-Maps#0.x.x":
  version "0.3.2"
  resolved "https://codeload.github.com/at-import/Sassy-Maps/tar.gz/2cd2d0ed7a0c0f0b68dc1ef621548dc7ada3efec"
