{
  "lockfileVersion": 1,
  "dependencies": {
    "@bolt/settings-module-manager": {
      "version": "file:../bolt-settings-module-manager",
      "dependencies": {
        "sass-deprecate": {
          "version": "1.1.3",
          "bundled": true
        },
        "sass-versioning": {
          "version": "0.2.2",
          "bundled": true
        }
      }
    }
  }
}
