{
	"requires": true,
	"lockfileVersion": 1,
	"dependencies": {
		"@webcomponents/custom-elements": {
			"version": "1.0.4",
			"resolved": "https://registry.npmjs.org/@webcomponents/custom-elements/-/custom-elements-1.0.4.tgz",
			"integrity": "sha512-klwpl/zR4JnVPDBbZYj52xqpPclxKyNGoCzpRuFAAEIUn4V1UCUuSrj5JhkAES4OoO90Z5glsrbZa2a4lNtLnw=="
		}
	}
}
