# THIS IS AN AUTOGENERATED FILE. DO NOT EDIT THIS FILE DIRECTLY.
# yarn lockfile v1


"@bolt/components-article@^0.4.0-alpha.649a2b68":
  version "0.4.0-alpha.bdfcf9e9"
  resolved "https://registry.yarnpkg.com/@bolt/components-article/-/components-article-0.4.0-alpha.bdfcf9e9.tgz#7bf8d5ec71391f30fe8cb34a76fd8515dada8e5e"
