# THIS IS AN AUTOGENERATED FILE. DO NOT EDIT THIS FILE DIRECTLY.
# yarn lockfile v1


"@bolt/objects-all@*":
  version "0.3.0"
  resolved "https://registry.yarnpkg.com/@bolt/objects-all/-/objects-all-0.3.0.tgz#7550e0004123ee3a2aa07ce64f32e62edd279420"
  dependencies:
    "@bolt/objects-grid" "^0.3.0"
    "@bolt/objects-inline-list" "^0.2.0"
    "@bolt/objects-island" "^0.2.0"
    "@bolt/objects-ui-list" "^0.3.0"
    "@bolt/objects-wrapper" "^0.3.0"

"@bolt/objects-grid@^0.3.0":
  version "0.3.0"
  resolved "https://registry.yarnpkg.com/@bolt/objects-grid/-/objects-grid-0.3.0.tgz#ad7bb2de7d1f2901d8a4cad27524265f052b1fc2"

"@bolt/objects-inline-list@^0.2.0":
  version "0.2.0"
  resolved "https://registry.yarnpkg.com/@bolt/objects-inline-list/-/objects-inline-list-0.2.0.tgz#c9317b77b5f286400c8e3ae5726371abcfce75cf"

"@bolt/objects-island@^0.2.0":
  version "0.2.0"
  resolved "https://registry.yarnpkg.com/@bolt/objects-island/-/objects-island-0.2.0.tgz#56df2ded2ee76057216165970565600e07c34a0a"

"@bolt/objects-ui-list@^0.3.0":
  version "0.3.0"
  resolved "https://registry.yarnpkg.com/@bolt/objects-ui-list/-/objects-ui-list-0.3.0.tgz#02e0ff2024c7cbc5ccdeb54fce9032999d3cd2a3"

"@bolt/objects-wrapper@^0.3.0":
  version "0.3.0"
  resolved "https://registry.yarnpkg.com/@bolt/objects-wrapper/-/objects-wrapper-0.3.0.tgz#78cb759b1e7093514c25c73d61f3ffbc75691af9"
