# THIS IS AN AUTOGENERATED FILE. DO NOT EDIT THIS FILE DIRECTLY.
# yarn lockfile v1


eslint-config-airbnb-base@^11.2.0:
  version "11.3.2"
  resolved "https://registry.yarnpkg.com/eslint-config-airbnb-base/-/eslint-config-airbnb-base-11.3.2.tgz#8703b11abe3c88ac7ec2b745b7fdf52e00ae680a"
  dependencies:
    eslint-restricted-globals "^0.1.1"

eslint-restricted-globals@^0.1.1:
  version "0.1.1"
  resolved "https://registry.yarnpkg.com/eslint-restricted-globals/-/eslint-restricted-globals-0.1.1.tgz#35f0d5cbc64c2e3ed62e93b4b1a7af05ba7ed4d7"
