{
	"requires": true,
	"lockfileVersion": 1,
	"dependencies": {
		"@bolt/components-brightcove-player": {
			"version": "0.1.0-alpha.2",
			"resolved": "https://registry.npmjs.org/@bolt/components-brightcove-player/-/components-brightcove-player-0.1.0-alpha.2.tgz",
			"integrity": "sha512-cuIdsjKViCStq38kgIYOTevbyiIWW9aj46PZ4OpAUCK6teum+9xde0FF6N8LdtN0rM2H3lKvpiL+Mkm11i12jw==",
			"requires": {
				"@bolt/core": "0.5.0-alpha.2",
				"@bolt/settings-all": "0.7.4",
				"@bolt/tools-all": "0.5.4"
			},
			"dependencies": {
				"@bolt/settings-all": {
					"version": "0.7.4",
					"resolved": "https://registry.npmjs.org/@bolt/settings-all/-/settings-all-0.7.4.tgz",
					"integrity": "sha512-b7uebLN8L3sfGc3F9/InLLZpU0M4MkOm51WnN2iL1ihCh8hsBFvbBvRCNYrVEAT/8qmiIsK3Cn28cPiv1KOpgA==",
					"requires": {
						"@bolt/settings-breakpoints": "0.7.2",
						"@bolt/settings-colors": "0.6.2",
						"@bolt/settings-font-family": "0.7.2",
						"@bolt/settings-font-size": "0.8.4",
						"@bolt/settings-font-weight": "0.8.3",
						"@bolt/settings-global": "0.7.3",
						"@bolt/settings-spacing": "0.7.0"
					}
				},
				"@bolt/settings-breakpoints": {
					"version": "0.7.2",
					"resolved": "https://registry.npmjs.org/@bolt/settings-breakpoints/-/settings-breakpoints-0.7.2.tgz",
					"integrity": "sha512-PAUd7mb/c0ssnghtS14PHLJgWz/vsvxAMlZXREEHeTv4E3U/y4WXqp45KNydm3yUiLlH9MnbCy+dD2arPieaQw==",
					"requires": {
						"breakpoint-sass": "2.7.1",
						"breakpoint-slicer": "github:bolt-design-system/breakpoint-slicer#bd7dfba42a24f513c688247553f8057567b6f30c"
					}
				},
				"@bolt/settings-colors": {
					"version": "0.6.2",
					"resolved": "https://registry.npmjs.org/@bolt/settings-colors/-/settings-colors-0.6.2.tgz",
					"integrity": "sha512-EoEADJ/0kZFGJw2/xB8vfh5VdhChNyq8VlALe7hVcA+1oN9+chQ/ui9kdi0+9B9aVT4cQzQ1wGAJePjmrh07uA==",
					"requires": {
						"@bolt/tools-export-data": "0.6.0"
					}
				},
				"@bolt/settings-font-family": {
					"version": "0.7.2",
					"resolved": "https://registry.npmjs.org/@bolt/settings-font-family/-/settings-font-family-0.7.2.tgz",
					"integrity": "sha512-dgG+u/W1cCExERCcZzY/sn71dQQGcW3mxDGfhX2D7A8knPXRG5jYqVUf0wnrDXfCKhRJ/YBJyBZGYn8Xruks5Q==",
					"requires": {
						"@bolt/settings-global": "0.7.3"
					}
				},
				"@bolt/settings-font-size": {
					"version": "0.8.4",
					"resolved": "https://registry.npmjs.org/@bolt/settings-font-size/-/settings-font-size-0.8.4.tgz",
					"integrity": "sha512-+FkMEwCAxEzAVmqae8Wl2NeG4S5AopXK5V50+QqZgCmF0GGY1m+2E2LhIF9ezSc5GBScp/dOBu/t8ZKh+V34OQ==",
					"requires": {
						"@bolt/settings-breakpoints": "0.7.2",
						"@bolt/settings-global": "0.7.3",
						"@bolt/tools-breakpoint": "0.2.2",
						"@bolt/tools-px-to-rem": "0.2.2"
					}
				},
				"@bolt/settings-font-weight": {
					"version": "0.8.3",
					"resolved": "https://registry.npmjs.org/@bolt/settings-font-weight/-/settings-font-weight-0.8.3.tgz",
					"integrity": "sha512-4YET/vxtJeWdf53MgzPH6oa6Q2NJcvVEjmAr4Ixr4fB1AJ/I5Ffh0jPseE0L+r/K4Duwtmy87nQKl6w3tlkTdg=="
				},
				"@bolt/settings-global": {
					"version": "0.7.3",
					"resolved": "https://registry.npmjs.org/@bolt/settings-global/-/settings-global-0.7.3.tgz",
					"integrity": "sha512-WqUnESHrNs8S3oX6AtQxp0AkGXnyoST0WmASKfDNXdC6wf/HYUsbqtBs9Z9NqKPYI9e0jH9QCqNLJWWw0Gdejw==",
					"requires": {
						"@bolt/tools-color-palette": "0.5.2"
					}
				},
				"@bolt/settings-spacing": {
					"version": "0.7.0",
					"resolved": "https://registry.npmjs.org/@bolt/settings-spacing/-/settings-spacing-0.7.0.tgz",
					"integrity": "sha512-24I998+XGSleF4I8uNv2j44J0YAbsABVw5VcCbk3xBzYDnJcCSQDCUkNE/Sn4qDG/1fmtr1OQu/IvptdWvyxxg==",
					"requires": {
						"@bolt/tools-export-data": "0.6.0"
					}
				},
				"@bolt/tools-all": {
					"version": "0.5.4",
					"resolved": "https://registry.npmjs.org/@bolt/tools-all/-/tools-all-0.5.4.tgz",
					"integrity": "sha512-tENNljDJFZf+R088KNXmN0UscaoeI1IqhVFYInd4VvZGikU6is+3TQgCAuQS98dwZcwJfW5VZEC/tTV6PNRQwA==",
					"requires": {
						"@bolt/tools-breakpoint": "0.2.2",
						"@bolt/tools-button-color": "0.5.2",
						"@bolt/tools-clearfix": "0.6.0",
						"@bolt/tools-color-palette": "0.5.2",
						"@bolt/tools-export-data": "0.6.0",
						"@bolt/tools-font-face": "0.2.2",
						"@bolt/tools-font-family": "0.5.2",
						"@bolt/tools-font-kerning": "0.5.0",
						"@bolt/tools-font-size": "0.5.4",
						"@bolt/tools-font-weight": "0.5.3",
						"@bolt/tools-linear-interpolation": "0.2.0",
						"@bolt/tools-list-remove": "0.2.0",
						"@bolt/tools-list-sort": "0.2.0",
						"@bolt/tools-map-sort": "0.2.0",
						"@bolt/tools-no-select": "0.5.0",
						"@bolt/tools-poly-fluid-sizing": "0.2.4",
						"@bolt/tools-px-to-rem": "0.2.2",
						"@bolt/tools-sassy-maps": "0.5.0",
						"@bolt/tools-scrolling": "0.6.0",
						"@bolt/tools-spacing": "0.5.0",
						"@bolt/tools-strip-unit": "0.5.0",
						"@bolt/tools-text-contrast": "0.5.2",
						"@bolt/tools-uppercase": "0.2.0",
						"@bolt/tools-visuallyhidden": "0.6.0"
					}
				},
				"@bolt/tools-breakpoint": {
					"version": "0.2.2",
					"resolved": "https://registry.npmjs.org/@bolt/tools-breakpoint/-/tools-breakpoint-0.2.2.tgz",
					"integrity": "sha512-WHubvam18+ptulMTBUobhUIZdDJLa6aGNXYz+M83icMersa8vZ/yH/TP9ggEZNQBz9ho0hP45O/4oTsMbawK7g==",
					"requires": {
						"@bolt/settings-breakpoints": "0.7.2"
					}
				},
				"@bolt/tools-button-color": {
					"version": "0.5.2",
					"resolved": "https://registry.npmjs.org/@bolt/tools-button-color/-/tools-button-color-0.5.2.tgz",
					"integrity": "sha512-/iurt6hiavtlwJOMD/e2nSMhEneErnncEh4B7N5mJKJLXE0BIDWkgnLFQiTu9hl7hurP3ujyseZG07eI4tvhJw==",
					"requires": {
						"@bolt/tools-text-contrast": "0.5.2"
					}
				},
				"@bolt/tools-clearfix": {
					"version": "0.6.0",
					"resolved": "https://registry.npmjs.org/@bolt/tools-clearfix/-/tools-clearfix-0.6.0.tgz",
					"integrity": "sha512-pO+4TNgD0Gho6sxRXYWvjNixUI+cRky+zMagN4phielU1DwclDj+eey8cUKaskJ3gnZ9Poj9mqvzyZegZsXv/Q=="
				},
				"@bolt/tools-color-palette": {
					"version": "0.5.2",
					"resolved": "https://registry.npmjs.org/@bolt/tools-color-palette/-/tools-color-palette-0.5.2.tgz",
					"integrity": "sha512-flDWyDTLH4AhL5JC3FirKT/xoZw9jy0X44zwOrbWfxObjrAlrZPVMrI0G7N3HJL2sK1dMFsvvKaZ+LpuJiinjA==",
					"requires": {
						"@bolt/settings-colors": "0.6.2",
						"@bolt/tools-sassy-maps": "0.5.0"
					}
				},
				"@bolt/tools-export-data": {
					"version": "0.6.0",
					"resolved": "https://registry.npmjs.org/@bolt/tools-export-data/-/tools-export-data-0.6.0.tgz",
					"integrity": "sha512-WWu34C31y90e/OF4QtZMxHBaTD+mEvMaoyE79QtTqoKj9j4zazBUD9eIdjM6K/717sq+8zqiQCxVemeR0HqN0g=="
				},
				"@bolt/tools-font-face": {
					"version": "0.2.2",
					"resolved": "https://registry.npmjs.org/@bolt/tools-font-face/-/tools-font-face-0.2.2.tgz",
					"integrity": "sha512-l7EvYfVNrljGp+HE2F1QDxn+ZEoHt7/cCpcmyBM8MiFVeGIXgNVNgUZm8kip+VEnKNoLgYZT0tslMEt+eyNQ8A==",
					"requires": {
						"@bolt/settings-font-family": "0.7.2",
						"@bolt/tools-sassy-maps": "0.5.0"
					}
				},
				"@bolt/tools-font-family": {
					"version": "0.5.2",
					"resolved": "https://registry.npmjs.org/@bolt/tools-font-family/-/tools-font-family-0.5.2.tgz",
					"integrity": "sha512-eoUV2qCDKYyK/8bz2rfIlheiFMY8ktecJrgH3vqBGWVj4P6R2lHAR3h3In84Knp8c8MnbwOmsiNQJNzyGiKLrA==",
					"requires": {
						"@bolt/settings-font-family": "0.7.2",
						"@bolt/tools-sassy-maps": "0.5.0"
					}
				},
				"@bolt/tools-font-kerning": {
					"version": "0.5.0",
					"resolved": "https://registry.npmjs.org/@bolt/tools-font-kerning/-/tools-font-kerning-0.5.0.tgz",
					"integrity": "sha512-1tCPyj9hjNm+smo0WBA9f9exjfQlJzf906twA6TozYEHwLqrxE+MI/n8rZyRe7s9uiXr7FeiqGRK11/xx0CWJQ=="
				},
				"@bolt/tools-font-size": {
					"version": "0.5.4",
					"resolved": "https://registry.npmjs.org/@bolt/tools-font-size/-/tools-font-size-0.5.4.tgz",
					"integrity": "sha512-v28pBhtrJ3V/LaLE6KbWfohVYlPBswfrIvE9OskCHHdPJpOxU++hJh4szG6T8U8FaKi5NsWf6jH2AbqiHr6WZQ==",
					"requires": {
						"@bolt/settings-font-size": "0.8.4",
						"@bolt/tools-poly-fluid-sizing": "0.2.4",
						"@bolt/tools-px-to-rem": "0.2.2",
						"@bolt/tools-sassy-maps": "0.5.0"
					}
				},
				"@bolt/tools-font-weight": {
					"version": "0.5.3",
					"resolved": "https://registry.npmjs.org/@bolt/tools-font-weight/-/tools-font-weight-0.5.3.tgz",
					"integrity": "sha512-GXwLJRmb79NjqwdlKos7Gl7dwK9LFAqhYGwo3fy3ma34Ao9cB6L2yqdaLX1mZ9WogcikNkgE+57VclWcFcCSBA==",
					"requires": {
						"@bolt/settings-font-weight": "0.8.3",
						"@bolt/tools-sassy-maps": "0.5.0"
					}
				},
				"@bolt/tools-linear-interpolation": {
					"version": "0.2.0",
					"resolved": "https://registry.npmjs.org/@bolt/tools-linear-interpolation/-/tools-linear-interpolation-0.2.0.tgz",
					"integrity": "sha512-rO12hwe5BHZkgO27CASx4OJzc0Dz0Icfr2pgTtmUE4MMPFImIpky6SRO0iW2GAG765coueiORm0vGrmiROcWZQ=="
				},
				"@bolt/tools-list-remove": {
					"version": "0.2.0",
					"resolved": "https://registry.npmjs.org/@bolt/tools-list-remove/-/tools-list-remove-0.2.0.tgz",
					"integrity": "sha512-qr+QWJ10TwqVI4vI1ecsjRGm2k7G4grLuA2yGUOW57cnuyQf50Dmeaii3DdgEyzAdOEPOG1+MXC7r6G2kH5n3Q=="
				},
				"@bolt/tools-list-sort": {
					"version": "0.2.0",
					"resolved": "https://registry.npmjs.org/@bolt/tools-list-sort/-/tools-list-sort-0.2.0.tgz",
					"integrity": "sha512-1f5MkLwEnSikdxe4S0wjT1TmcfxM7GstlvfR5PVtWb2YRQCZ8bipAiH6thVUgkGECV1PUJpHre1+t+ATXFBPWg==",
					"requires": {
						"@bolt/tools-list-remove": "0.2.0"
					}
				},
				"@bolt/tools-map-sort": {
					"version": "0.2.0",
					"resolved": "https://registry.npmjs.org/@bolt/tools-map-sort/-/tools-map-sort-0.2.0.tgz",
					"integrity": "sha512-vgyRJAmL+SOG2Oweq2FvKLxvOY6zDTHHpcwm+N2LXE/LJW+L4JfHL/N+54AjpEZmY8/3AMbjzt9a+zkBWvfRcg==",
					"requires": {
						"@bolt/tools-list-sort": "0.2.0"
					}
				},
				"@bolt/tools-no-select": {
					"version": "0.5.0",
					"resolved": "https://registry.npmjs.org/@bolt/tools-no-select/-/tools-no-select-0.5.0.tgz",
					"integrity": "sha512-Qw3XGl1u2ablzlDA1geq6ufsdDFC+jOxWZ5uytRvbRQXNFW98b+h52bg8w7W7jV56SHwqvpqcIqHwzC4t97OdA=="
				},
				"@bolt/tools-poly-fluid-sizing": {
					"version": "0.2.4",
					"resolved": "https://registry.npmjs.org/@bolt/tools-poly-fluid-sizing/-/tools-poly-fluid-sizing-0.2.4.tgz",
					"integrity": "sha512-VjLli9VDbs/leernaIrCcKfsRGbUPiOpJ9/mK64LT+lqdlnio1G+OhSs6Kg9bb78TZCWFliGn9Zx0PPRPzeB4w==",
					"requires": {
						"@bolt/settings-font-size": "0.8.4",
						"@bolt/tools-breakpoint": "0.2.2",
						"@bolt/tools-linear-interpolation": "0.2.0",
						"@bolt/tools-list-remove": "0.2.0",
						"@bolt/tools-list-sort": "0.2.0",
						"@bolt/tools-map-sort": "0.2.0",
						"@bolt/tools-sassy-maps": "0.5.0"
					}
				},
				"@bolt/tools-px-to-rem": {
					"version": "0.2.2",
					"resolved": "https://registry.npmjs.org/@bolt/tools-px-to-rem/-/tools-px-to-rem-0.2.2.tgz",
					"integrity": "sha512-TC/6VvC96Fjw9Qpt0YM16jBjo9rnBudS0XmBdhzEJRtm2++kI0rg1IjmZEEsSdINT0Vn9fjdELNP1Ly9S7f2tA==",
					"requires": {
						"@bolt/settings-global": "0.7.3"
					}
				},
				"@bolt/tools-sassy-maps": {
					"version": "0.5.0",
					"resolved": "https://registry.npmjs.org/@bolt/tools-sassy-maps/-/tools-sassy-maps-0.5.0.tgz",
					"integrity": "sha512-KvFb1mVRqbW5zYhlZPXFvF0S9YrVQPqn47UMzAqrwQK7xeopvvZwWsJfSG3NVl3yB9u8m4UrjlQvEarQNYMC1A==",
					"requires": {
						"sassy-maps": "github:at-import/Sassy-Maps#36008c57759562654caf938a93c874a9dbdd9d5e"
					}
				},
				"@bolt/tools-scrolling": {
					"version": "0.6.0",
					"resolved": "https://registry.npmjs.org/@bolt/tools-scrolling/-/tools-scrolling-0.6.0.tgz",
					"integrity": "sha512-1NodhYIjnmry74hyKKMvioUH4xHL3n3c+M//WYUNPx0CGXX7j/ghX+g3K7uNFK2f/APe7g4wk1oIuR5Dy5fvZQ=="
				},
				"@bolt/tools-spacing": {
					"version": "0.5.0",
					"resolved": "https://registry.npmjs.org/@bolt/tools-spacing/-/tools-spacing-0.5.0.tgz",
					"integrity": "sha512-sePRyaGV+eEAngFp8VoJGvW0qR/Sz6NEmXLJHvd0gJS5xZQxGIxLD1c7q4Na2jvWsIIPwuBXJDVu+JTWCw34PQ==",
					"requires": {
						"@bolt/settings-spacing": "0.7.0",
						"@bolt/tools-export-data": "0.6.0",
						"@bolt/tools-strip-unit": "0.5.0"
					}
				},
				"@bolt/tools-strip-unit": {
					"version": "0.5.0",
					"resolved": "https://registry.npmjs.org/@bolt/tools-strip-unit/-/tools-strip-unit-0.5.0.tgz",
					"integrity": "sha512-djkHQrqvTdLoHZPjZ1aEG3PkGe8jCDzNJeTwNNAZKZAQgxUcucRrzl3dtzKRccWYSGRh5hHBljpTM5GW9woLYg=="
				},
				"@bolt/tools-text-contrast": {
					"version": "0.5.2",
					"resolved": "https://registry.npmjs.org/@bolt/tools-text-contrast/-/tools-text-contrast-0.5.2.tgz",
					"integrity": "sha512-p52xo3kyR3IMkQmcwXV8t06qltC645q/25Sr5LVHLmpReaZ5SQoWX8qSjzm/7aEHy7mXyBKY71n5DORaNtdUvA==",
					"requires": {
						"@bolt/tools-color-palette": "0.5.2"
					}
				},
				"@bolt/tools-uppercase": {
					"version": "0.2.0",
					"resolved": "https://registry.npmjs.org/@bolt/tools-uppercase/-/tools-uppercase-0.2.0.tgz",
					"integrity": "sha512-d/kLeWRBgbqqnehz/pPgxPDUqNw3G57y8g9Wqbs6lgzOdyMiaWBVkFQr/GjLlTFiI44BHYM/qeqPL7LMyWBc3w=="
				},
				"@bolt/tools-visuallyhidden": {
					"version": "0.6.0",
					"resolved": "https://registry.npmjs.org/@bolt/tools-visuallyhidden/-/tools-visuallyhidden-0.6.0.tgz",
					"integrity": "sha512-bh69oDeH+WhD2SkYrsBULq4EaSVLNrcZeMiq3GLDkcETs+e+ApeKOXWHAK5HjFFkBqdcIWzheWKprPbONkhtLg=="
				},
				"breakpoint-sass": {
					"version": "2.7.1",
					"resolved": "https://registry.npmjs.org/breakpoint-sass/-/breakpoint-sass-2.7.1.tgz",
					"integrity": "sha1-jvbEdE3MJbqD2Wm2yaF+XaopmAo="
				},
				"breakpoint-slicer": {
					"version": "github:bolt-design-system/breakpoint-slicer#bd7dfba42a24f513c688247553f8057567b6f30c"
				},
				"sassy-maps": {
					"version": "github:at-import/Sassy-Maps#36008c57759562654caf938a93c874a9dbdd9d5e"
				}
			}
		},
		"@bolt/core": {
			"version": "0.5.0-alpha.2",
			"resolved": "https://registry.npmjs.org/@bolt/core/-/core-0.5.0-alpha.2.tgz",
			"integrity": "sha512-P1nhUxLywniYQX/hNzbFmz83E2XAhnPrI4+5KwP72sbbARk2gAez6yN/7HQ2XZEd8qIAuFLXH7CSrvcZwAJ+Sw==",
			"requires": {
				"@bolt/core-data": "0.2.0-alpha.97d5bc9b",
				"@webcomponents/custom-elements": "1.0.6",
				"@webcomponents/shadycss": "1.1.0",
				"@webcomponents/shadydom": "github:bolt-design-system/shadydom#5ce5a74abe7fc71064d7d46a989213e6b41ede97",
				"@webcomponents/template": "1.2.0",
				"@webcomponents/webcomponents-platform": "1.0.0",
				"@webcomponents/webcomponentsjs": "1.0.20",
				"core-js": "2.5.3",
				"es6-promise": "4.1.1",
				"preact": "8.2.7",
				"skatejs": "5.0.0",
				"yocss": "0.5.1"
			},
			"dependencies": {
				"@bolt/core-data": {
					"version": "0.2.0-alpha.97d5bc9b",
					"resolved": "https://registry.npmjs.org/@bolt/core-data/-/core-data-0.2.0-alpha.97d5bc9b.tgz",
					"integrity": "sha512-krHe2gcf2qQm7VB+hVH6q+EO724HSbKCU8Vd+wjAnGKMMfM1IoP26eZDz9pK65AKZ/mAOuBAF7MC09KmY5P1cQ=="
				},
				"@webcomponents/custom-elements": {
					"version": "1.0.6",
					"resolved": "https://registry.npmjs.org/@webcomponents/custom-elements/-/custom-elements-1.0.6.tgz",
					"integrity": "sha512-ui44vEHIMkt0tpx+CPU0kRcL7afhdAzqcnglgGrGfIJ7AUcdrJMzLpA54Lcos4tsvEIBsmei26716k5eXbo18w=="
				},
				"@webcomponents/shadycss": {
					"version": "1.1.0",
					"resolved": "https://registry.npmjs.org/@webcomponents/shadycss/-/shadycss-1.1.0.tgz",
					"integrity": "sha512-BtnVvNBTyB3f519KW/rSSXsYe2Nz6pLhMyLMFTS/t4IsqWRsWd5IZNqmY+Ic0a5XbD1B7anKaIWEaCM5b65W0w=="
				},
				"@webcomponents/shadydom": {
					"version": "github:bolt-design-system/shadydom#5ce5a74abe7fc71064d7d46a989213e6b41ede97"
				},
				"@webcomponents/template": {
					"version": "1.2.0",
					"resolved": "https://registry.npmjs.org/@webcomponents/template/-/template-1.2.0.tgz",
					"integrity": "sha512-ZpdypwSCOMD33XQEeuyiO/BG/VyLq+kC+yozm2e5qHs5j0PSPYdrM0Jpa0QN6yQpcuaX2YBKCbnVYSm2AyiKCg=="
				},
				"@webcomponents/webcomponents-platform": {
					"version": "1.0.0",
					"resolved": "https://registry.npmjs.org/@webcomponents/webcomponents-platform/-/webcomponents-platform-1.0.0.tgz",
					"integrity": "sha1-iHkUY4DdvsuGF+MiSX1Z53w/9Gg="
				},
				"@webcomponents/webcomponentsjs": {
					"version": "1.0.20",
					"resolved": "https://registry.npmjs.org/@webcomponents/webcomponentsjs/-/webcomponentsjs-1.0.20.tgz",
					"integrity": "sha512-Ady8WFcEVcFS/hfMto5EBwqTUViNsVYErbXImD9jH808yjSqELPsRxQ4PlpP0qBObSmKwJyl3jq0C3tZOhbLGQ=="
				},
				"core-js": {
					"version": "2.5.3",
					"resolved": "https://registry.npmjs.org/core-js/-/core-js-2.5.3.tgz",
					"integrity": "sha1-isw4NFgk8W2DZbfJtCWRaOjtYD4="
				},
				"es6-promise": {
					"version": "4.1.1",
					"resolved": "https://registry.npmjs.org/es6-promise/-/es6-promise-4.1.1.tgz",
					"integrity": "sha512-OaU1hHjgJf+b0NzsxCg7NdIYERD6Hy/PEmFLTjw+b65scuisG3Kt4QoTvJ66BBkPZ581gr0kpoVzKnxniM8nng=="
				},
				"preact": {
					"version": "8.2.7",
					"resolved": "https://registry.npmjs.org/preact/-/preact-8.2.7.tgz",
					"integrity": "sha512-m34Ke8U32HyKRVzUOCAcaiIBLR2ye6syiuRclU5DxyixDPDFqdLbIElhERBrF6gDbPKQR+Vpv5bZ9CCbvN6pdQ=="
				},
				"skatejs": {
					"version": "5.0.0",
					"resolved": "https://registry.npmjs.org/skatejs/-/skatejs-5.0.0.tgz",
					"integrity": "sha512-ZVflH0zYWCswlvJVJ50TJE+S4eY8BRPHXlYyFm0K8GWspjWrM27M456HNfxzGFSQ7zRc7jm4O0L7oS5mc+SUeA=="
				},
				"yocss": {
					"version": "0.5.1",
					"resolved": "https://registry.npmjs.org/yocss/-/yocss-0.5.1.tgz",
					"integrity": "sha512-BgGVC8QNO0cFWK4ecyaq3HOyk3ANJTU2smpeHWrN7nK2/nQ6uQsNIn0xWGbQxvr+f4g6yaEOszL+oHs5ueN/Sw=="
				}
			}
		}
	}
}
