# THIS IS AN AUTOGENERATED FILE. DO NOT EDIT THIS FILE DIRECTLY.
# yarn lockfile v1


"@bolt/settings-spacing@^0.6.0":
  version "0.6.0"
  resolved "https://registry.yarnpkg.com/@bolt/settings-spacing/-/settings-spacing-0.6.0.tgz#ac1331b6cdb1b15abac67322d2eba11c0669fe53"

"@bolt/tools-spacing@^0.4.0":
  version "0.4.0"
  resolved "https://registry.yarnpkg.com/@bolt/tools-spacing/-/tools-spacing-0.4.0.tgz#733b78a263cefa556e3b8d6105d92237d314f8f5"
  dependencies:
    "@bolt/settings-spacing" "^0.6.0"
    "@bolt/tools-strip-unit" "^0.4.0"

"@bolt/tools-strip-unit@^0.4.0":
  version "0.4.0"
  resolved "https://registry.yarnpkg.com/@bolt/tools-strip-unit/-/tools-strip-unit-0.4.0.tgz#3c2cdff54e1e00af9b02c48ee1a17e33df193044"
