# THIS IS AN AUTOGENERATED FILE. DO NOT EDIT THIS FILE DIRECTLY.
# yarn lockfile v1


"@bolt/elements-all@^0.1.0-alpha.2":
  version "0.1.0"
  resolved "https://registry.yarnpkg.com/@bolt/elements-all/-/elements-all-0.1.0.tgz#0045b4f3d088ab19e816550bdb6afd413a27e58e"
  dependencies:
    "@bolt/elements-headings" "^0.1.0"
    "@bolt/elements-links" "^0.1.0"
    "@bolt/elements-page" "^0.1.0"
    "@bolt/elements-small" "^0.1.0"

"@bolt/elements-headings@^0.1.0":
  version "0.1.0"
  resolved "https://registry.yarnpkg.com/@bolt/elements-headings/-/elements-headings-0.1.0.tgz#1bbf68bef11a3cf8ede56c16ce4476a67d40a8fb"

"@bolt/elements-links@^0.1.0":
  version "0.1.0"
  resolved "https://registry.yarnpkg.com/@bolt/elements-links/-/elements-links-0.1.0.tgz#cd22a31b038704d434a684e57f7b75b8d08d9519"

"@bolt/elements-page@^0.1.0":
  version "0.1.0"
  resolved "https://registry.yarnpkg.com/@bolt/elements-page/-/elements-page-0.1.0.tgz#469d7c42662a9d4623c4ccdb24a00f2c458729b4"

"@bolt/elements-small@^0.1.0":
  version "0.1.0"
  resolved "https://registry.yarnpkg.com/@bolt/elements-small/-/elements-small-0.1.0.tgz#d57484405753c498402a380280f093b4e90738ce"
