{
  "name": "@bolt/components-image",
  "version": "0.2.0-alpha.d819772a",
  "lockfileVersion": 1,
  "requires": true,
  "dependencies": {
    "intersection-observer": {
      "version": "0.4.2",
      "resolved": "https://registry.npmjs.org/intersection-observer/-/intersection-observer-0.4.2.tgz",
      "integrity": "sha512-SFGCL4d6A7J+aXNHTx94zV7ydngTKraDBvoJjn5iGgsXYhXgAXIYj8i3ewJoO80BRB7qtBB3sBlrdGNwTktzLg=="
    },
    "lazysizes": {
      "version": "4.0.0-rc4",
      "resolved": "https://registry.npmjs.org/lazysizes/-/lazysizes-4.0.0-rc4.tgz",
      "integrity": "sha1-vFz9wYyB/RRwjXqvGnYtzVtua/Q="
    },
    "lozad": {
      "version": "1.0.6",
      "resolved": "https://registry.npmjs.org/lozad/-/lozad-1.0.6.tgz",
      "integrity": "sha512-Xz0IjCjfRKzKYokmWz5ZIFEgz8TEPdgRzGwh3CVYzEo00y3Lcx1nK2xWb5Fu2v25xRzuDZrv/aiwRbrmJUIcaA=="
    },
    "picturefill": {
      "version": "3.0.2",
      "resolved": "https://registry.npmjs.org/picturefill/-/picturefill-3.0.2.tgz",
      "integrity": "sha1-+j01//vvWrUwD+KtncqPLjbLons="
    }
  }
}
