{
	"name": "@bolt/tools-breakpoint",
	"version": "0.0.0",
	"lockfileVersion": 1,
	"requires": true,
	"dependencies": {
		"@bolt/settings-breakpoints": {
			"version": "0.4.0",
			"resolved": "https://registry.npmjs.org/@bolt/settings-breakpoints/-/settings-breakpoints-0.4.0.tgz",
			"integrity": "sha512-TYHDnxaAjVnkQ0KXW3dm1ouAEpr+n5PWUQ9/kDPEcqUD9vC0N/maY8XfNejVyl4piuWDpR7siB+W9petvcw0NA==",
			"requires": {
				"breakpoint-sass": "2.7.1",
				"breakpoint-slicer": "github:bolt-design-system/breakpoint-slicer#bd7dfba42a24f513c688247553f8057567b6f30c"
			}
		},
		"breakpoint-sass": {
			"version": "2.7.1",
			"resolved": "https://registry.npmjs.org/breakpoint-sass/-/breakpoint-sass-2.7.1.tgz",
			"integrity": "sha1-jvbEdE3MJbqD2Wm2yaF+XaopmAo="
		},
		"breakpoint-slicer": {
			"version": "github:bolt-design-system/breakpoint-slicer#bd7dfba42a24f513c688247553f8057567b6f30c"
		}
	}
}
